// !$*UTF8*$!
{
	archiveVersion = 1;
	classes = {
	};
	objectVersion = 46;
	objects = {

/* Begin PBXBuildFile section */
		306CB5BB18A8394D0054C40A /* changes_log.html in Resources */ = {isa = PBXBuildFile; fileRef = 306CB5B618A8394D0054C40A /* changes_log.html */; };
		306CB5BC18A8394D0054C40A /* libUMFeedback.a in Frameworks */ = {isa = PBXBuildFile; fileRef = 306CB5B718A8394D0054C40A /* libUMFeedback.a */; };
		306CB5BD18A8394D0054C40A /* umFeedback.bundle in Resources */ = {isa = PBXBuildFile; fileRef = 306CB5B818A8394D0054C40A /* umFeedback.bundle */; };
		306CB5BE18A8394D0054C40A /* 开发指南.html in Resources */ = {isa = PBXBuildFile; fileRef = 306CB5BA18A8394D0054C40A /* 开发指南.html */; };
		306CB63A18A8396B0054C40A /* UMSocialLocalizable.strings in Resources */ = {isa = PBXBuildFile; fileRef = 306CB5C118A8396A0054C40A /* UMSocialLocalizable.strings */; };
		306CB63B18A8396B0054C40A /* libWeChatSDK_armv7_armv7s.a in Frameworks */ = {isa = PBXBuildFile; fileRef = 306CB5C518A8396A0054C40A /* libWeChatSDK_armv7_armv7s.a */; };
		306CB63C18A8396B0054C40A /* libUMSocial_Sdk_2.2.1.1.a in Frameworks */ = {isa = PBXBuildFile; fileRef = 306CB5D318A8396A0054C40A /* libUMSocial_Sdk_2.2.1.1.a */; };
		306CB63D18A8396B0054C40A /* libUMSocial_Sdk_Comment_2.2.1.1.a in Frameworks */ = {isa = PBXBuildFile; fileRef = 306CB5D418A8396A0054C40A /* libUMSocial_Sdk_Comment_2.2.1.1.a */; };
		306CB63E18A8396B0054C40A /* UMSCommentDetailController.xib in Resources */ = {isa = PBXBuildFile; fileRef = 306CB5D618A8396A0054C40A /* UMSCommentDetailController.xib */; };
		306CB63F18A8396B0054C40A /* UMSCommentInputController.xib in Resources */ = {isa = PBXBuildFile; fileRef = 306CB5D718A8396A0054C40A /* UMSCommentInputController.xib */; };
		306CB64018A8396B0054C40A /* UMSCommentInputControlleriPad.xib in Resources */ = {isa = PBXBuildFile; fileRef = 306CB5D818A8396A0054C40A /* UMSCommentInputControlleriPad.xib */; };
		306CB64118A8396B0054C40A /* UMShareEditViewController.xib in Resources */ = {isa = PBXBuildFile; fileRef = 306CB5D918A8396A0054C40A /* UMShareEditViewController.xib */; };
		306CB64218A8396B0054C40A /* UMShareEditViewControlleriPad.xib in Resources */ = {isa = PBXBuildFile; fileRef = 306CB5DA18A8396A0054C40A /* UMShareEditViewControlleriPad.xib */; };
		306CB64318A8396B0054C40A /* UMSLoginViewController.xib in Resources */ = {isa = PBXBuildFile; fileRef = 306CB5DB18A8396A0054C40A /* UMSLoginViewController.xib */; };
		306CB64418A8396B0054C40A /* UMSnsAccountViewController.xib in Resources */ = {isa = PBXBuildFile; fileRef = 306CB5DC18A8396A0054C40A /* UMSnsAccountViewController.xib */; };
		306CB64518A8396B0054C40A /* UMSShareListController.xib in Resources */ = {isa = PBXBuildFile; fileRef = 306CB5DD18A8396A0054C40A /* UMSShareListController.xib */; };
		306CB64618A8396B0054C40A /* UMSocialSDKResourcesNew.bundle in Resources */ = {isa = PBXBuildFile; fileRef = 306CB5DE18A8396A0054C40A /* UMSocialSDKResourcesNew.bundle */; };
		306CB64718A8396B0054C40A /* UMSocialAccountEntity.html in Resources */ = {isa = PBXBuildFile; fileRef = 306CB5E218A8396A0054C40A /* UMSocialAccountEntity.html */; };
		306CB64818A8396B0054C40A /* UMSocialAccountManager.html in Resources */ = {isa = PBXBuildFile; fileRef = 306CB5E318A8396A0054C40A /* UMSocialAccountManager.html */; };
		306CB64918A8396B0054C40A /* UMSocialBar.html in Resources */ = {isa = PBXBuildFile; fileRef = 306CB5E418A8396A0054C40A /* UMSocialBar.html */; };
		306CB64A18A8396B0054C40A /* UMSocialButton.html in Resources */ = {isa = PBXBuildFile; fileRef = 306CB5E518A8396A0054C40A /* UMSocialButton.html */; };
		306CB64B18A8396B0054C40A /* UMSocialConfig.html in Resources */ = {isa = PBXBuildFile; fileRef = 306CB5E618A8396A0054C40A /* UMSocialConfig.html */; };
		306CB64C18A8396B0054C40A /* UMSocialControllerService.html in Resources */ = {isa = PBXBuildFile; fileRef = 306CB5E718A8396A0054C40A /* UMSocialControllerService.html */; };
		306CB64D18A8396B0054C40A /* UMSocialControllerServiceComment.html in Resources */ = {isa = PBXBuildFile; fileRef = 306CB5E818A8396A0054C40A /* UMSocialControllerServiceComment.html */; };
		306CB64E18A8396B0054C40A /* UMSocialCustomAccount.html in Resources */ = {isa = PBXBuildFile; fileRef = 306CB5E918A8396A0054C40A /* UMSocialCustomAccount.html */; };
		306CB64F18A8396B0054C40A /* UMSocialData.html in Resources */ = {isa = PBXBuildFile; fileRef = 306CB5EA18A8396A0054C40A /* UMSocialData.html */; };
		306CB65018A8396B0054C40A /* UMSocialDataService.html in Resources */ = {isa = PBXBuildFile; fileRef = 306CB5EB18A8396A0054C40A /* UMSocialDataService.html */; };
		306CB65118A8396B0054C40A /* UMSocialExtConfig.html in Resources */ = {isa = PBXBuildFile; fileRef = 306CB5EC18A8396A0054C40A /* UMSocialExtConfig.html */; };
		306CB65218A8396B0054C40A /* UMSocialIconActionSheet.html in Resources */ = {isa = PBXBuildFile; fileRef = 306CB5ED18A8396A0054C40A /* UMSocialIconActionSheet.html */; };
		306CB65318A8396B0054C40A /* UMSocialResponseEntity.html in Resources */ = {isa = PBXBuildFile; fileRef = 306CB5EE18A8396A0054C40A /* UMSocialResponseEntity.html */; };
		306CB65418A8396B0054C40A /* UMSocialSnsPlatform.html in Resources */ = {isa = PBXBuildFile; fileRef = 306CB5EF18A8396A0054C40A /* UMSocialSnsPlatform.html */; };
		306CB65518A8396B0054C40A /* UMSocialSnsPlatformManager.html in Resources */ = {isa = PBXBuildFile; fileRef = 306CB5F018A8396A0054C40A /* UMSocialSnsPlatformManager.html */; };
		306CB65618A8396B0054C40A /* UMSocialSnsService.html in Resources */ = {isa = PBXBuildFile; fileRef = 306CB5F118A8396A0054C40A /* UMSocialSnsService.html */; };
		306CB65718A8396B0054C40A /* UMSocialUrlResource.html in Resources */ = {isa = PBXBuildFile; fileRef = 306CB5F218A8396A0054C40A /* UMSocialUrlResource.html */; };
		306CB65818A8396B0054C40A /* styles.css in Resources */ = {isa = PBXBuildFile; fileRef = 306CB5F418A8396A0054C40A /* styles.css */; };
		306CB65918A8396B0054C40A /* stylesPrint.css in Resources */ = {isa = PBXBuildFile; fileRef = 306CB5F518A8396A0054C40A /* stylesPrint.css */; };
		306CB65A18A8396B0054C40A /* hierarchy.html in Resources */ = {isa = PBXBuildFile; fileRef = 306CB5F618A8396A0054C40A /* hierarchy.html */; };
		306CB65B18A8396B0054C40A /* button_bar_background.png in Resources */ = {isa = PBXBuildFile; fileRef = 306CB5F818A8396A0054C40A /* button_bar_background.png */; };
		306CB65C18A8396B0054C40A /* class_grath.png in Resources */ = {isa = PBXBuildFile; fileRef = 306CB5F918A8396A0054C40A /* class_grath.png */; };
		306CB65D18A8396B0054C40A /* disclosure.png in Resources */ = {isa = PBXBuildFile; fileRef = 306CB5FA18A8396A0054C40A /* disclosure.png */; };
		306CB65E18A8396B0054C40A /* disclosure_open.png in Resources */ = {isa = PBXBuildFile; fileRef = 306CB5FB18A8396A0054C40A /* disclosure_open.png */; };
		306CB65F18A8396B0054C40A /* library_background.png in Resources */ = {isa = PBXBuildFile; fileRef = 306CB5FC18A8396A0054C40A /* library_background.png */; };
		306CB66018A8396B0054C40A /* title_background.png in Resources */ = {isa = PBXBuildFile; fileRef = 306CB5FD18A8396A0054C40A /* title_background.png */; };
		306CB66118A8396B0054C40A /* index.html in Resources */ = {isa = PBXBuildFile; fileRef = 306CB5FE18A8396A0054C40A /* index.html */; };
		306CB66218A8396B0054C40A /* UMSocialDataDelegate.html in Resources */ = {isa = PBXBuildFile; fileRef = 306CB60018A8396A0054C40A /* UMSocialDataDelegate.html */; };
		306CB66318A8396B0054C40A /* UMSocialUIDelegate.html in Resources */ = {isa = PBXBuildFile; fileRef = 306CB60118A8396A0054C40A /* UMSocialUIDelegate.html */; };
		306CB67C18A8396B0054C40A /* ios-social-sdk-comment-detail.html in Resources */ = {isa = PBXBuildFile; fileRef = 306CB63118A8396B0054C40A /* ios-social-sdk-comment-detail.html */; };
		306CB67D18A8396B0054C40A /* ios-social-sdk-comment-quick.html in Resources */ = {isa = PBXBuildFile; fileRef = 306CB63218A8396B0054C40A /* ios-social-sdk-comment-quick.html */; };
		306CB67E18A8396B0054C40A /* ios-social-sdk-like.html in Resources */ = {isa = PBXBuildFile; fileRef = 306CB63318A8396B0054C40A /* ios-social-sdk-like.html */; };
		306CB67F18A8396B0054C40A /* ios-social-sdk-login-detail.html in Resources */ = {isa = PBXBuildFile; fileRef = 306CB63418A8396B0054C40A /* ios-social-sdk-login-detail.html */; };
		306CB68018A8396B0054C40A /* ios-social-sdk-login-quick.html in Resources */ = {isa = PBXBuildFile; fileRef = 306CB63518A8396B0054C40A /* ios-social-sdk-login-quick.html */; };
		306CB68118A8396B0054C40A /* ios-social-sdk-share-detail.html in Resources */ = {isa = PBXBuildFile; fileRef = 306CB63618A8396B0054C40A /* ios-social-sdk-share-detail.html */; };
		306CB68218A8396B0054C40A /* ios-social-sdk-share-quick.html in Resources */ = {isa = PBXBuildFile; fileRef = 306CB63718A8396B0054C40A /* ios-social-sdk-share-quick.html */; };
		306CB68318A8396B0054C40A /* ios-social-sdk-socialbar.html in Resources */ = {isa = PBXBuildFile; fileRef = 306CB63818A8396B0054C40A /* ios-social-sdk-socialbar.html */; };
		306CB68418A8396B0054C40A /* UMSocial_Sdk_ReleaseNotes.html in Resources */ = {isa = PBXBuildFile; fileRef = 306CB63918A8396B0054C40A /* UMSocial_Sdk_ReleaseNotes.html */; };
		306CB68F18A839A20054C40A /* libFlurry_4.2.3.a in Frameworks */ = {isa = PBXBuildFile; fileRef = 306CB68A18A839A20054C40A /* libFlurry_4.2.3.a */; };
		306CB69018A839A20054C40A /* iRate.bundle in Resources */ = {isa = PBXBuildFile; fileRef = 306CB68C18A839A20054C40A /* iRate.bundle */; };
		306CB69118A839A20054C40A /* iRate.m in Sources */ = {isa = PBXBuildFile; fileRef = 306CB68E18A839A20054C40A /* iRate.m */; };
		306CB69C18A839BB0054C40A /* JMStaticContentTableViewCell.m in Sources */ = {isa = PBXBuildFile; fileRef = 306CB69518A839BB0054C40A /* JMStaticContentTableViewCell.m */; };
		306CB69D18A839BB0054C40A /* JMStaticContentTableViewController.m in Sources */ = {isa = PBXBuildFile; fileRef = 306CB69718A839BB0054C40A /* JMStaticContentTableViewController.m */; };
		306CB69E18A839BB0054C40A /* JMStaticContentTableViewSection.m in Sources */ = {isa = PBXBuildFile; fileRef = 306CB69918A839BB0054C40A /* JMStaticContentTableViewSection.m */; };
		306CB69F18A839BB0054C40A /* StaticTextFieldTableViewCell.m in Sources */ = {isa = PBXBuildFile; fileRef = 306CB69B18A839BB0054C40A /* StaticTextFieldTableViewCell.m */; };
		306CB6A918A839D30054C40A /* GTMNSString+HTML.m in Sources */ = {isa = PBXBuildFile; fileRef = 306CB6A218A839D30054C40A /* GTMNSString+HTML.m */; };
		306CB6AA18A839D30054C40A /* NSString+HTML.m in Sources */ = {isa = PBXBuildFile; fileRef = 306CB6A418A839D30054C40A /* NSString+HTML.m */; };
		306CB6AB18A839D30054C40A /* NSString+StringThatFits.m in Sources */ = {isa = PBXBuildFile; fileRef = 306CB6A618A839D30054C40A /* NSString+StringThatFits.m */; };
		306CB6AC18A839D30054C40A /* StringUtil.m in Sources */ = {isa = PBXBuildFile; fileRef = 306CB6A818A839D30054C40A /* StringUtil.m */; };
		30A8E4C71893C4E900DE7D99 /* readme.rtf in Resources */ = {isa = PBXBuildFile; fileRef = 30A8E4C61893C4E900DE7D99 /* readme.rtf */; };
		30A8E4CA1893C70000DE7D99 /* SMSMessageCell.xib in Resources */ = {isa = PBXBuildFile; fileRef = 30A8E4C91893C70000DE7D99 /* SMSMessageCell.xib */; };
		30A8E4F91893C72E00DE7D99 /* ico_people.png in Resources */ = {isa = PBXBuildFile; fileRef = 30A8E4DA1893C72E00DE7D99 /* ico_people.png */; };
		30A8E4FA1893C72E00DE7D99 /* ico_people@2x.png in Resources */ = {isa = PBXBuildFile; fileRef = 30A8E4DB1893C72E00DE7D99 /* ico_people@2x.png */; };
		30A8E4FB1893C72E00DE7D99 /* ico_reply.png in Resources */ = {isa = PBXBuildFile; fileRef = 30A8E4DC1893C72E00DE7D99 /* ico_reply.png */; };
		30A8E4FC1893C72E00DE7D99 /* ico_reply@2x.png in Resources */ = {isa = PBXBuildFile; fileRef = 30A8E4DD1893C72E00DE7D99 /* ico_reply@2x.png */; };
		30A8E5011893C72E00DE7D99 /* pic_icon_fresh.png in Resources */ = {isa = PBXBuildFile; fileRef = 30A8E4E21893C72E00DE7D99 /* pic_icon_fresh.png */; };
		30A8E5021893C72E00DE7D99 /* pic_icon_fresh@2x.png in Resources */ = {isa = PBXBuildFile; fileRef = 30A8E4E31893C72E00DE7D99 /* pic_icon_fresh@2x.png */; };
		30A8E5031893C72E00DE7D99 /* pic_plank_among.png in Resources */ = {isa = PBXBuildFile; fileRef = 30A8E4E41893C72E00DE7D99 /* pic_plank_among.png */; };
		30A8E5041893C72E00DE7D99 /* pic_plank_among@2x.png in Resources */ = {isa = PBXBuildFile; fileRef = 30A8E4E51893C72E00DE7D99 /* pic_plank_among@2x.png */; };
		30A8E5051893C72E00DE7D99 /* pic_plank_down.png in Resources */ = {isa = PBXBuildFile; fileRef = 30A8E4E61893C72E00DE7D99 /* pic_plank_down.png */; };
		30A8E5061893C72E00DE7D99 /* pic_plank_down@2x.png in Resources */ = {isa = PBXBuildFile; fileRef = 30A8E4E71893C72E00DE7D99 /* pic_plank_down@2x.png */; };
		30A8E5071893C72E00DE7D99 /* pic_plank_up.png in Resources */ = {isa = PBXBuildFile; fileRef = 30A8E4E81893C72E00DE7D99 /* pic_plank_up.png */; };
		30A8E5081893C72E00DE7D99 /* pic_plank_up@2x.png in Resources */ = {isa = PBXBuildFile; fileRef = 30A8E4E91893C72E00DE7D99 /* pic_plank_up@2x.png */; };
		30A8E50D1893C80600DE7D99 /* SMSMessageCell.m in Sources */ = {isa = PBXBuildFile; fileRef = 30A8E50C1893C80600DE7D99 /* SMSMessageCell.m */; };
		30A8E50F1893CC7000DE7D99 /* readme.rtf in Resources */ = {isa = PBXBuildFile; fileRef = 30A8E50E1893CC7000DE7D99 /* readme.rtf */; };
		30A8E5111893D33000DE7D99 /* data.json in Resources */ = {isa = PBXBuildFile; fileRef = 30A8E5101893D33000DE7D99 /* data.json */; };
		30A8E5151893D38700DE7D99 /* RMDataCenter.m in Sources */ = {isa = PBXBuildFile; fileRef = 30A8E5141893D38700DE7D99 /* RMDataCenter.m */; };
		30A8E5181893D40800DE7D99 /* Utils.m in Sources */ = {isa = PBXBuildFile; fileRef = 30A8E5171893D40800DE7D99 /* Utils.m */; };
		30A8E51B1893DC3100DE7D99 /* RMCategoryItem.m in Sources */ = {isa = PBXBuildFile; fileRef = 30A8E51A1893DC3100DE7D99 /* RMCategoryItem.m */; };
		30A8E51E1893DC5B00DE7D99 /* RMCategory.m in Sources */ = {isa = PBXBuildFile; fileRef = 30A8E51D1893DC5B00DE7D99 /* RMCategory.m */; };
		30A8E5231893FBAA00DE7D99 /* SQLiteManager.m in Sources */ = {isa = PBXBuildFile; fileRef = 30A8E5221893FBAA00DE7D99 /* SQLiteManager.m */; };
		30A8E5261893FBC000DE7D99 /* RMSmsDataCenter.m in Sources */ = {isa = PBXBuildFile; fileRef = 30A8E5251893FBC000DE7D99 /* RMSmsDataCenter.m */; };
		30A8E5281893FD4800DE7D99 /* libsqlite3.dylib in Frameworks */ = {isa = PBXBuildFile; fileRef = 30A8E5271893FD4800DE7D99 /* libsqlite3.dylib */; };
		30A8E52B189400E200DE7D99 /* 情话短信.sqlite in Resources */ = {isa = PBXBuildFile; fileRef = 30A8E52A189400E200DE7D99 /* 情话短信.sqlite */; };
		30A8E562189479D400DE7D99 /* Favorite.m in Sources */ = {isa = PBXBuildFile; fileRef = 30A8E561189479D400DE7D99 /* Favorite.m */; };
		30A8E56518947C1E00DE7D99 /* RMSMS.m in Sources */ = {isa = PBXBuildFile; fileRef = 30A8E56418947C1E00DE7D99 /* RMSMS.m */; };
		30A8E575189546D500DE7D99 /* RMFavoriteViewController.m in Sources */ = {isa = PBXBuildFile; fileRef = 30A8E574189546D500DE7D99 /* RMFavoriteViewController.m */; };
		30A8E5781895BCC900DE7D99 /* SettingsViewController.m in Sources */ = {isa = PBXBuildFile; fileRef = 30A8E5771895BCC900DE7D99 /* SettingsViewController.m */; };
		30A8E5881895BDB200DE7D99 /* Localizable.strings in Resources */ = {isa = PBXBuildFile; fileRef = 30A8E5871895BDB200DE7D99 /* Localizable.strings */; };
		30A8E6681895C07100DE7D99 /* SystemConfiguration.framework in Frameworks */ = {isa = PBXBuildFile; fileRef = 30A8E6671895C07100DE7D99 /* SystemConfiguration.framework */; };
		30A8E66B1895C4C000DE7D99 /* HotViewController.m in Sources */ = {isa = PBXBuildFile; fileRef = 30A8E66A1895C4C000DE7D99 /* HotViewController.m */; };
		30A8E66D1897196E00DE7D99 /* 经典情话.sqlite in Resources */ = {isa = PBXBuildFile; fileRef = 30A8E66C1897196E00DE7D99 /* 经典情话.sqlite */; };
		30A8E67418971DB300DE7D99 /* 感人的情话.sqlite in Resources */ = {isa = PBXBuildFile; fileRef = 30A8E66E18971DB300DE7D99 /* 感人的情话.sqlite */; };
		30A8E67518971DB300DE7D99 /* 浪漫的情话.sqlite in Resources */ = {isa = PBXBuildFile; fileRef = 30A8E66F18971DB300DE7D99 /* 浪漫的情话.sqlite */; };
		30A8E67618971DB300DE7D99 /* 爱情宣言.sqlite in Resources */ = {isa = PBXBuildFile; fileRef = 30A8E67018971DB300DE7D99 /* 爱情宣言.sqlite */; };
		30A8E67718971DB300DE7D99 /* 爱情诗句.sqlite in Resources */ = {isa = PBXBuildFile; fileRef = 30A8E67118971DB300DE7D99 /* 爱情诗句.sqlite */; };
		30A8E67818971DB300DE7D99 /* 爱情语录.sqlite in Resources */ = {isa = PBXBuildFile; fileRef = 30A8E67218971DB300DE7D99 /* 爱情语录.sqlite */; };
		30A8E67918971DB300DE7D99 /* 肉麻的情话.sqlite in Resources */ = {isa = PBXBuildFile; fileRef = 30A8E67318971DB300DE7D99 /* 肉麻的情话.sqlite */; };
		30BBF4621891491F00631F6E /* Foundation.framework in Frameworks */ = {isa = PBXBuildFile; fileRef = 30BBF4611891491F00631F6E /* Foundation.framework */; };
		30BBF4641891491F00631F6E /* CoreGraphics.framework in Frameworks */ = {isa = PBXBuildFile; fileRef = 30BBF4631891491F00631F6E /* CoreGraphics.framework */; };
		30BBF4661891491F00631F6E /* UIKit.framework in Frameworks */ = {isa = PBXBuildFile; fileRef = 30BBF4651891491F00631F6E /* UIKit.framework */; };
		30BBF46C1891491F00631F6E /* InfoPlist.strings in Resources */ = {isa = PBXBuildFile; fileRef = 30BBF46A1891491F00631F6E /* InfoPlist.strings */; };
		30BBF46E1891491F00631F6E /* main.m in Sources */ = {isa = PBXBuildFile; fileRef = 30BBF46D1891491F00631F6E /* main.m */; };
		30BBF4721891491F00631F6E /* RMAppDelegate.m in Sources */ = {isa = PBXBuildFile; fileRef = 30BBF4711891491F00631F6E /* RMAppDelegate.m */; };
		30BBF4741891491F00631F6E /* Images.xcassets in Resources */ = {isa = PBXBuildFile; fileRef = 30BBF4731891491F00631F6E /* Images.xcassets */; };
		30BBF47B1891491F00631F6E /* XCTest.framework in Frameworks */ = {isa = PBXBuildFile; fileRef = 30BBF47A1891491F00631F6E /* XCTest.framework */; };
		30BBF47C1891491F00631F6E /* Foundation.framework in Frameworks */ = {isa = PBXBuildFile; fileRef = 30BBF4611891491F00631F6E /* Foundation.framework */; };
		30BBF47D1891491F00631F6E /* UIKit.framework in Frameworks */ = {isa = PBXBuildFile; fileRef = 30BBF4651891491F00631F6E /* UIKit.framework */; };
		30BBF4851891491F00631F6E /* InfoPlist.strings in Resources */ = {isa = PBXBuildFile; fileRef = 30BBF4831891491F00631F6E /* InfoPlist.strings */; };
		30BBF4871891491F00631F6E /* MessageGuruTests.m in Sources */ = {isa = PBXBuildFile; fileRef = 30BBF4861891491F00631F6E /* MessageGuruTests.m */; };
		30BBF4941891494D00631F6E /* BaseViewController.m in Sources */ = {isa = PBXBuildFile; fileRef = 30BBF4911891494D00631F6E /* BaseViewController.m */; };
		30BBF4951891494D00631F6E /* TabbedViewController.m in Sources */ = {isa = PBXBuildFile; fileRef = 30BBF4931891494D00631F6E /* TabbedViewController.m */; };
		30BBF4F7189159AE00631F6E /* ListItem.m in Sources */ = {isa = PBXBuildFile; fileRef = 30BBF4F0189159AE00631F6E /* ListItem.m */; };
		30BBF4F8189159AE00631F6E /* POHorizontalList.m in Sources */ = {isa = PBXBuildFile; fileRef = 30BBF4F2189159AE00631F6E /* POHorizontalList.m */; };
		30BBF4F9189159AE00631F6E /* AllSMSViewController.m in Sources */ = {isa = PBXBuildFile; fileRef = 30BBF4F5189159AE00631F6E /* AllSMSViewController.m */; };
		30BBF4FA189159AE00631F6E /* AllSMSViewController.xib in Resources */ = {isa = PBXBuildFile; fileRef = 30BBF4F6189159AE00631F6E /* AllSMSViewController.xib */; };
		30BBF52118915A3C00631F6E /* camera_button_take.png in Resources */ = {isa = PBXBuildFile; fileRef = 30BBF50818915A3C00631F6E /* camera_button_take.png */; };
		30BBF52218915A3C00631F6E /* camera_button_take@2x.png in Resources */ = {isa = PBXBuildFile; fileRef = 30BBF50918915A3C00631F6E /* camera_button_take@2x.png */; };
		30BBF52318915A3C00631F6E /* DailyBoothIcon.png in Resources */ = {isa = PBXBuildFile; fileRef = 30BBF50A18915A3C00631F6E /* DailyBoothIcon.png */; };
		30BBF52418915A3C00631F6E /* DailyBoothIcon@2x.png in Resources */ = {isa = PBXBuildFile; fileRef = 30BBF50B18915A3C00631F6E /* DailyBoothIcon@2x.png */; };
		30BBF52518915A3C00631F6E /* tab_feed.png in Resources */ = {isa = PBXBuildFile; fileRef = 30BBF50C18915A3C00631F6E /* tab_feed.png */; };
		30BBF52618915A3C00631F6E /* tab_feed@2x.png in Resources */ = {isa = PBXBuildFile; fileRef = 30BBF50D18915A3C00631F6E /* tab_feed@2x.png */; };
		30BBF52718915A3C00631F6E /* tab_feed_profile.png in Resources */ = {isa = PBXBuildFile; fileRef = 30BBF50E18915A3C00631F6E /* tab_feed_profile.png */; };
		30BBF52818915A3C00631F6E /* tab_feed_profile@2x.png in Resources */ = {isa = PBXBuildFile; fileRef = 30BBF50F18915A3C00631F6E /* tab_feed_profile@2x.png */; };
		30BBF52918915A3C00631F6E /* tab_live.png in Resources */ = {isa = PBXBuildFile; fileRef = 30BBF51018915A3C00631F6E /* tab_live.png */; };
		30BBF52A18915A3C00631F6E /* tab_live@2x.png in Resources */ = {isa = PBXBuildFile; fileRef = 30BBF51118915A3C00631F6E /* tab_live@2x.png */; };
		30BBF52B18915A3C00631F6E /* tab_messages.png in Resources */ = {isa = PBXBuildFile; fileRef = 30BBF51218915A3C00631F6E /* tab_messages.png */; };
		30BBF52C18915A3C00631F6E /* tab_messages@2x.png in Resources */ = {isa = PBXBuildFile; fileRef = 30BBF51318915A3C00631F6E /* tab_messages@2x.png */; };
		30BBF52D18915A3C00631F6E /* tabBar_cameraButton_ready_matte.png in Resources */ = {isa = PBXBuildFile; fileRef = 30BBF51418915A3C00631F6E /* tabBar_cameraButton_ready_matte.png */; };
		30BBF52E18915A3C00631F6E /* tabBar_cameraButton_ready_matte@2x.png in Resources */ = {isa = PBXBuildFile; fileRef = 30BBF51518915A3C00631F6E /* tabBar_cameraButton_ready_matte@2x.png */; };
		30BBF5311893BDD600631F6E /* SMSListViewController.m in Sources */ = {isa = PBXBuildFile; fileRef = 30BBF5301893BDD600631F6E /* SMSListViewController.m */; };
/* End PBXBuildFile section */

/* Begin PBXContainerItemProxy section */
		30BBF47E1891491F00631F6E /* PBXContainerItemProxy */ = {
			isa = PBXContainerItemProxy;
			containerPortal = 30BBF4561891491F00631F6E /* Project object */;
			proxyType = 1;
			remoteGlobalIDString = 30BBF45D1891491F00631F6E;
			remoteInfo = MessageGuru;
		};
/* End PBXContainerItemProxy section */

/* Begin PBXFileReference section */
		306CB5B618A8394D0054C40A /* changes_log.html */ = {isa = PBXFileReference; fileEncoding = 4; lastKnownFileType = text.html; path = changes_log.html; sourceTree = "<group>"; };
		306CB5B718A8394D0054C40A /* libUMFeedback.a */ = {isa = PBXFileReference; lastKnownFileType = archive.ar; path = libUMFeedback.a; sourceTree = "<group>"; };
		306CB5B818A8394D0054C40A /* umFeedback.bundle */ = {isa = PBXFileReference; lastKnownFileType = "wrapper.plug-in"; path = umFeedback.bundle; sourceTree = "<group>"; };
		306CB5B918A8394D0054C40A /* UMFeedback.h */ = {isa = PBXFileReference; fileEncoding = 4; lastKnownFileType = sourcecode.c.h; path = UMFeedback.h; sourceTree = "<group>"; };
		306CB5BA18A8394D0054C40A /* 开发指南.html */ = {isa = PBXFileReference; fileEncoding = 4; lastKnownFileType = text.html; path = "开发指南.html"; sourceTree = "<group>"; };
		306CB5C218A8396A0054C40A /* en */ = {isa = PBXFileReference; lastKnownFileType = text.plist.strings; name = en; path = en.lproj/UMSocialLocalizable.strings; sourceTree = "<group>"; };
		306CB5C518A8396A0054C40A /* libWeChatSDK_armv7_armv7s.a */ = {isa = PBXFileReference; lastKnownFileType = archive.ar; path = libWeChatSDK_armv7_armv7s.a; sourceTree = "<group>"; };
		306CB5C618A8396A0054C40A /* WXApi.h */ = {isa = PBXFileReference; fileEncoding = 4; lastKnownFileType = sourcecode.c.h; path = WXApi.h; sourceTree = "<group>"; };
		306CB5C718A8396A0054C40A /* WXApiObject.h */ = {isa = PBXFileReference; fileEncoding = 4; lastKnownFileType = sourcecode.c.h; path = WXApiObject.h; sourceTree = "<group>"; };
		306CB5C918A8396A0054C40A /* UMSocial.h */ = {isa = PBXFileReference; fileEncoding = 4; lastKnownFileType = sourcecode.c.h; path = UMSocial.h; sourceTree = "<group>"; };
		306CB5CA18A8396A0054C40A /* UMSocialAccountManager.h */ = {isa = PBXFileReference; fileEncoding = 4; lastKnownFileType = sourcecode.c.h; path = UMSocialAccountManager.h; sourceTree = "<group>"; };
		306CB5CB18A8396A0054C40A /* UMSocialBar.h */ = {isa = PBXFileReference; fileEncoding = 4; lastKnownFileType = sourcecode.c.h; path = UMSocialBar.h; sourceTree = "<group>"; };
		306CB5CC18A8396A0054C40A /* UMSocialConfig.h */ = {isa = PBXFileReference; fileEncoding = 4; lastKnownFileType = sourcecode.c.h; path = UMSocialConfig.h; sourceTree = "<group>"; };
		306CB5CD18A8396A0054C40A /* UMSocialControllerService.h */ = {isa = PBXFileReference; fileEncoding = 4; lastKnownFileType = sourcecode.c.h; path = UMSocialControllerService.h; sourceTree = "<group>"; };
		306CB5CE18A8396A0054C40A /* UMSocialControllerServiceComment.h */ = {isa = PBXFileReference; fileEncoding = 4; lastKnownFileType = sourcecode.c.h; path = UMSocialControllerServiceComment.h; sourceTree = "<group>"; };
		306CB5CF18A8396A0054C40A /* UMSocialData.h */ = {isa = PBXFileReference; fileEncoding = 4; lastKnownFileType = sourcecode.c.h; path = UMSocialData.h; sourceTree = "<group>"; };
		306CB5D018A8396A0054C40A /* UMSocialDataService.h */ = {isa = PBXFileReference; fileEncoding = 4; lastKnownFileType = sourcecode.c.h; path = UMSocialDataService.h; sourceTree = "<group>"; };
		306CB5D118A8396A0054C40A /* UMSocialSnsPlatformManager.h */ = {isa = PBXFileReference; fileEncoding = 4; lastKnownFileType = sourcecode.c.h; path = UMSocialSnsPlatformManager.h; sourceTree = "<group>"; };
		306CB5D218A8396A0054C40A /* UMSocialSnsService.h */ = {isa = PBXFileReference; fileEncoding = 4; lastKnownFileType = sourcecode.c.h; path = UMSocialSnsService.h; sourceTree = "<group>"; };
		306CB5D318A8396A0054C40A /* libUMSocial_Sdk_2.2.1.1.a */ = {isa = PBXFileReference; lastKnownFileType = archive.ar; path = libUMSocial_Sdk_2.2.1.1.a; sourceTree = "<group>"; };
		306CB5D418A8396A0054C40A /* libUMSocial_Sdk_Comment_2.2.1.1.a */ = {isa = PBXFileReference; lastKnownFileType = archive.ar; path = libUMSocial_Sdk_Comment_2.2.1.1.a; sourceTree = "<group>"; };
		306CB5D618A8396A0054C40A /* UMSCommentDetailController.xib */ = {isa = PBXFileReference; fileEncoding = 4; lastKnownFileType = file.xib; path = UMSCommentDetailController.xib; sourceTree = "<group>"; };
		306CB5D718A8396A0054C40A /* UMSCommentInputController.xib */ = {isa = PBXFileReference; fileEncoding = 4; lastKnownFileType = file.xib; path = UMSCommentInputController.xib; sourceTree = "<group>"; };
		306CB5D818A8396A0054C40A /* UMSCommentInputControlleriPad.xib */ = {isa = PBXFileReference; fileEncoding = 4; lastKnownFileType = file.xib; path = UMSCommentInputControlleriPad.xib; sourceTree = "<group>"; };
		306CB5D918A8396A0054C40A /* UMShareEditViewController.xib */ = {isa = PBXFileReference; fileEncoding = 4; lastKnownFileType = file.xib; path = UMShareEditViewController.xib; sourceTree = "<group>"; };
		306CB5DA18A8396A0054C40A /* UMShareEditViewControlleriPad.xib */ = {isa = PBXFileReference; fileEncoding = 4; lastKnownFileType = file.xib; path = UMShareEditViewControlleriPad.xib; sourceTree = "<group>"; };
		306CB5DB18A8396A0054C40A /* UMSLoginViewController.xib */ = {isa = PBXFileReference; fileEncoding = 4; lastKnownFileType = file.xib; path = UMSLoginViewController.xib; sourceTree = "<group>"; };
		306CB5DC18A8396A0054C40A /* UMSnsAccountViewController.xib */ = {isa = PBXFileReference; fileEncoding = 4; lastKnownFileType = file.xib; path = UMSnsAccountViewController.xib; sourceTree = "<group>"; };
		306CB5DD18A8396A0054C40A /* UMSShareListController.xib */ = {isa = PBXFileReference; fileEncoding = 4; lastKnownFileType = file.xib; path = UMSShareListController.xib; sourceTree = "<group>"; };
		306CB5DE18A8396A0054C40A /* UMSocialSDKResourcesNew.bundle */ = {isa = PBXFileReference; lastKnownFileType = "wrapper.plug-in"; path = UMSocialSDKResourcesNew.bundle; sourceTree = "<group>"; };
		306CB5DF18A8396A0054C40A /* zh-Hans */ = {isa = PBXFileReference; lastKnownFileType = text.plist.strings; name = "zh-Hans"; path = "zh-Hans.lproj/UMSocialLocalizable.strings"; sourceTree = "<group>"; };
		306CB5E218A8396A0054C40A /* UMSocialAccountEntity.html */ = {isa = PBXFileReference; fileEncoding = 4; lastKnownFileType = text.html; path = UMSocialAccountEntity.html; sourceTree = "<group>"; };
		306CB5E318A8396A0054C40A /* UMSocialAccountManager.html */ = {isa = PBXFileReference; fileEncoding = 4; lastKnownFileType = text.html; path = UMSocialAccountManager.html; sourceTree = "<group>"; };
		306CB5E418A8396A0054C40A /* UMSocialBar.html */ = {isa = PBXFileReference; fileEncoding = 4; lastKnownFileType = text.html; path = UMSocialBar.html; sourceTree = "<group>"; };
		306CB5E518A8396A0054C40A /* UMSocialButton.html */ = {isa = PBXFileReference; fileEncoding = 4; lastKnownFileType = text.html; path = UMSocialButton.html; sourceTree = "<group>"; };
		306CB5E618A8396A0054C40A /* UMSocialConfig.html */ = {isa = PBXFileReference; fileEncoding = 4; lastKnownFileType = text.html; path = UMSocialConfig.html; sourceTree = "<group>"; };
		306CB5E718A8396A0054C40A /* UMSocialControllerService.html */ = {isa = PBXFileReference; fileEncoding = 4; lastKnownFileType = text.html; path = UMSocialControllerService.html; sourceTree = "<group>"; };
		306CB5E818A8396A0054C40A /* UMSocialControllerServiceComment.html */ = {isa = PBXFileReference; fileEncoding = 4; lastKnownFileType = text.html; path = UMSocialControllerServiceComment.html; sourceTree = "<group>"; };
		306CB5E918A8396A0054C40A /* UMSocialCustomAccount.html */ = {isa = PBXFileReference; fileEncoding = 4; lastKnownFileType = text.html; path = UMSocialCustomAccount.html; sourceTree = "<group>"; };
		306CB5EA18A8396A0054C40A /* UMSocialData.html */ = {isa = PBXFileReference; fileEncoding = 4; lastKnownFileType = text.html; path = UMSocialData.html; sourceTree = "<group>"; };
		306CB5EB18A8396A0054C40A /* UMSocialDataService.html */ = {isa = PBXFileReference; fileEncoding = 4; lastKnownFileType = text.html; path = UMSocialDataService.html; sourceTree = "<group>"; };
		306CB5EC18A8396A0054C40A /* UMSocialExtConfig.html */ = {isa = PBXFileReference; fileEncoding = 4; lastKnownFileType = text.html; path = UMSocialExtConfig.html; sourceTree = "<group>"; };
		306CB5ED18A8396A0054C40A /* UMSocialIconActionSheet.html */ = {isa = PBXFileReference; fileEncoding = 4; lastKnownFileType = text.html; path = UMSocialIconActionSheet.html; sourceTree = "<group>"; };
		306CB5EE18A8396A0054C40A /* UMSocialResponseEntity.html */ = {isa = PBXFileReference; fileEncoding = 4; lastKnownFileType = text.html; path = UMSocialResponseEntity.html; sourceTree = "<group>"; };
		306CB5EF18A8396A0054C40A /* UMSocialSnsPlatform.html */ = {isa = PBXFileReference; fileEncoding = 4; lastKnownFileType = text.html; path = UMSocialSnsPlatform.html; sourceTree = "<group>"; };
		306CB5F018A8396A0054C40A /* UMSocialSnsPlatformManager.html */ = {isa = PBXFileReference; fileEncoding = 4; lastKnownFileType = text.html; path = UMSocialSnsPlatformManager.html; sourceTree = "<group>"; };
		306CB5F118A8396A0054C40A /* UMSocialSnsService.html */ = {isa = PBXFileReference; fileEncoding = 4; lastKnownFileType = text.html; path = UMSocialSnsService.html; sourceTree = "<group>"; };
		306CB5F218A8396A0054C40A /* UMSocialUrlResource.html */ = {isa = PBXFileReference; fileEncoding = 4; lastKnownFileType = text.html; path = UMSocialUrlResource.html; sourceTree = "<group>"; };
		306CB5F418A8396A0054C40A /* styles.css */ = {isa = PBXFileReference; fileEncoding = 4; lastKnownFileType = text.css; path = styles.css; sourceTree = "<group>"; };
		306CB5F518A8396A0054C40A /* stylesPrint.css */ = {isa = PBXFileReference; fileEncoding = 4; lastKnownFileType = text.css; path = stylesPrint.css; sourceTree = "<group>"; };
		306CB5F618A8396A0054C40A /* hierarchy.html */ = {isa = PBXFileReference; fileEncoding = 4; lastKnownFileType = text.html; path = hierarchy.html; sourceTree = "<group>"; };
		306CB5F818A8396A0054C40A /* button_bar_background.png */ = {isa = PBXFileReference; lastKnownFileType = image.png; path = button_bar_background.png; sourceTree = "<group>"; };
		306CB5F918A8396A0054C40A /* class_grath.png */ = {isa = PBXFileReference; lastKnownFileType = image.png; path = class_grath.png; sourceTree = "<group>"; };
		306CB5FA18A8396A0054C40A /* disclosure.png */ = {isa = PBXFileReference; lastKnownFileType = image.png; path = disclosure.png; sourceTree = "<group>"; };
		306CB5FB18A8396A0054C40A /* disclosure_open.png */ = {isa = PBXFileReference; lastKnownFileType = image.png; path = disclosure_open.png; sourceTree = "<group>"; };
		306CB5FC18A8396A0054C40A /* library_background.png */ = {isa = PBXFileReference; lastKnownFileType = image.png; path = library_background.png; sourceTree = "<group>"; };
		306CB5FD18A8396A0054C40A /* title_background.png */ = {isa = PBXFileReference; lastKnownFileType = image.png; path = title_background.png; sourceTree = "<group>"; };
		306CB5FE18A8396A0054C40A /* index.html */ = {isa = PBXFileReference; fileEncoding = 4; lastKnownFileType = text.html; path = index.html; sourceTree = "<group>"; };
		306CB60018A8396A0054C40A /* UMSocialDataDelegate.html */ = {isa = PBXFileReference; fileEncoding = 4; lastKnownFileType = text.html; path = UMSocialDataDelegate.html; sourceTree = "<group>"; };
		306CB60118A8396A0054C40A /* UMSocialUIDelegate.html */ = {isa = PBXFileReference; fileEncoding = 4; lastKnownFileType = text.html; path = UMSocialUIDelegate.html; sourceTree = "<group>"; };
		306CB63118A8396B0054C40A /* ios-social-sdk-comment-detail.html */ = {isa = PBXFileReference; fileEncoding = 4; lastKnownFileType = text.html; path = "ios-social-sdk-comment-detail.html"; sourceTree = "<group>"; };
		306CB63218A8396B0054C40A /* ios-social-sdk-comment-quick.html */ = {isa = PBXFileReference; fileEncoding = 4; lastKnownFileType = text.html; path = "ios-social-sdk-comment-quick.html"; sourceTree = "<group>"; };
		306CB63318A8396B0054C40A /* ios-social-sdk-like.html */ = {isa = PBXFileReference; fileEncoding = 4; lastKnownFileType = text.html; path = "ios-social-sdk-like.html"; sourceTree = "<group>"; };
		306CB63418A8396B0054C40A /* ios-social-sdk-login-detail.html */ = {isa = PBXFileReference; fileEncoding = 4; lastKnownFileType = text.html; path = "ios-social-sdk-login-detail.html"; sourceTree = "<group>"; };
		306CB63518A8396B0054C40A /* ios-social-sdk-login-quick.html */ = {isa = PBXFileReference; fileEncoding = 4; lastKnownFileType = text.html; path = "ios-social-sdk-login-quick.html"; sourceTree = "<group>"; };
		306CB63618A8396B0054C40A /* ios-social-sdk-share-detail.html */ = {isa = PBXFileReference; fileEncoding = 4; lastKnownFileType = text.html; path = "ios-social-sdk-share-detail.html"; sourceTree = "<group>"; };
		306CB63718A8396B0054C40A /* ios-social-sdk-share-quick.html */ = {isa = PBXFileReference; fileEncoding = 4; lastKnownFileType = text.html; path = "ios-social-sdk-share-quick.html"; sourceTree = "<group>"; };
		306CB63818A8396B0054C40A /* ios-social-sdk-socialbar.html */ = {isa = PBXFileReference; fileEncoding = 4; lastKnownFileType = text.html; path = "ios-social-sdk-socialbar.html"; sourceTree = "<group>"; };
		306CB63918A8396B0054C40A /* UMSocial_Sdk_ReleaseNotes.html */ = {isa = PBXFileReference; fileEncoding = 4; lastKnownFileType = text.html; path = UMSocial_Sdk_ReleaseNotes.html; sourceTree = "<group>"; };
		306CB68918A839A20054C40A /* Flurry.h */ = {isa = PBXFileReference; fileEncoding = 4; lastKnownFileType = sourcecode.c.h; path = Flurry.h; sourceTree = "<group>"; };
		306CB68A18A839A20054C40A /* libFlurry_4.2.3.a */ = {isa = PBXFileReference; lastKnownFileType = archive.ar; path = libFlurry_4.2.3.a; sourceTree = "<group>"; };
		306CB68C18A839A20054C40A /* iRate.bundle */ = {isa = PBXFileReference; lastKnownFileType = "wrapper.plug-in"; path = iRate.bundle; sourceTree = "<group>"; };
		306CB68D18A839A20054C40A /* iRate.h */ = {isa = PBXFileReference; fileEncoding = 4; lastKnownFileType = sourcecode.c.h; path = iRate.h; sourceTree = "<group>"; };
		306CB68E18A839A20054C40A /* iRate.m */ = {isa = PBXFileReference; fileEncoding = 4; lastKnownFileType = sourcecode.c.objc; path = iRate.m; sourceTree = "<group>"; };
		306CB69318A839BB0054C40A /* JMStaticContentTableViewBlocks.h */ = {isa = PBXFileReference; fileEncoding = 4; lastKnownFileType = sourcecode.c.h; path = JMStaticContentTableViewBlocks.h; sourceTree = "<group>"; };
		306CB69418A839BB0054C40A /* JMStaticContentTableViewCell.h */ = {isa = PBXFileReference; fileEncoding = 4; lastKnownFileType = sourcecode.c.h; path = JMStaticContentTableViewCell.h; sourceTree = "<group>"; };
		306CB69518A839BB0054C40A /* JMStaticContentTableViewCell.m */ = {isa = PBXFileReference; fileEncoding = 4; lastKnownFileType = sourcecode.c.objc; path = JMStaticContentTableViewCell.m; sourceTree = "<group>"; };
		306CB69618A839BB0054C40A /* JMStaticContentTableViewController.h */ = {isa = PBXFileReference; fileEncoding = 4; lastKnownFileType = sourcecode.c.h; path = JMStaticContentTableViewController.h; sourceTree = "<group>"; };
		306CB69718A839BB0054C40A /* JMStaticContentTableViewController.m */ = {isa = PBXFileReference; fileEncoding = 4; lastKnownFileType = sourcecode.c.objc; path = JMStaticContentTableViewController.m; sourceTree = "<group>"; };
		306CB69818A839BB0054C40A /* JMStaticContentTableViewSection.h */ = {isa = PBXFileReference; fileEncoding = 4; lastKnownFileType = sourcecode.c.h; path = JMStaticContentTableViewSection.h; sourceTree = "<group>"; };
		306CB69918A839BB0054C40A /* JMStaticContentTableViewSection.m */ = {isa = PBXFileReference; fileEncoding = 4; lastKnownFileType = sourcecode.c.objc; path = JMStaticContentTableViewSection.m; sourceTree = "<group>"; };
		306CB69A18A839BB0054C40A /* StaticTextFieldTableViewCell.h */ = {isa = PBXFileReference; fileEncoding = 4; lastKnownFileType = sourcecode.c.h; path = StaticTextFieldTableViewCell.h; sourceTree = "<group>"; };
		306CB69B18A839BB0054C40A /* StaticTextFieldTableViewCell.m */ = {isa = PBXFileReference; fileEncoding = 4; lastKnownFileType = sourcecode.c.objc; path = StaticTextFieldTableViewCell.m; sourceTree = "<group>"; };
		306CB6A118A839D30054C40A /* GTMNSString+HTML.h */ = {isa = PBXFileReference; fileEncoding = 4; lastKnownFileType = sourcecode.c.h; path = "GTMNSString+HTML.h"; sourceTree = "<group>"; };
		306CB6A218A839D30054C40A /* GTMNSString+HTML.m */ = {isa = PBXFileReference; fileEncoding = 4; lastKnownFileType = sourcecode.c.objc; path = "GTMNSString+HTML.m"; sourceTree = "<group>"; };
		306CB6A318A839D30054C40A /* NSString+HTML.h */ = {isa = PBXFileReference; fileEncoding = 4; lastKnownFileType = sourcecode.c.h; path = "NSString+HTML.h"; sourceTree = "<group>"; };
		306CB6A418A839D30054C40A /* NSString+HTML.m */ = {isa = PBXFileReference; fileEncoding = 4; lastKnownFileType = sourcecode.c.objc; path = "NSString+HTML.m"; sourceTree = "<group>"; };
		306CB6A518A839D30054C40A /* NSString+StringThatFits.h */ = {isa = PBXFileReference; fileEncoding = 4; lastKnownFileType = sourcecode.c.h; path = "NSString+StringThatFits.h"; sourceTree = "<group>"; };
		306CB6A618A839D30054C40A /* NSString+StringThatFits.m */ = {isa = PBXFileReference; fileEncoding = 4; lastKnownFileType = sourcecode.c.objc; path = "NSString+StringThatFits.m"; sourceTree = "<group>"; };
		306CB6A718A839D30054C40A /* StringUtil.h */ = {isa = PBXFileReference; fileEncoding = 4; lastKnownFileType = sourcecode.c.h; path = StringUtil.h; sourceTree = "<group>"; };
		306CB6A818A839D30054C40A /* StringUtil.m */ = {isa = PBXFileReference; fileEncoding = 4; lastKnownFileType = sourcecode.c.objc; path = StringUtil.m; sourceTree = "<group>"; };
		30A8E4C61893C4E900DE7D99 /* readme.rtf */ = {isa = PBXFileReference; fileEncoding = 4; lastKnownFileType = text.rtf; path = readme.rtf; sourceTree = "<group>"; };
		30A8E4C91893C70000DE7D99 /* SMSMessageCell.xib */ = {isa = PBXFileReference; fileEncoding = 4; lastKnownFileType = file.xib; path = SMSMessageCell.xib; sourceTree = "<group>"; };
		30A8E4DA1893C72E00DE7D99 /* ico_people.png */ = {isa = PBXFileReference; lastKnownFileType = image.png; path = ico_people.png; sourceTree = "<group>"; };
		30A8E4DB1893C72E00DE7D99 /* ico_people@2x.png */ = {isa = PBXFileReference; lastKnownFileType = image.png; path = "ico_people@2x.png"; sourceTree = "<group>"; };
		30A8E4DC1893C72E00DE7D99 /* ico_reply.png */ = {isa = PBXFileReference; lastKnownFileType = image.png; path = ico_reply.png; sourceTree = "<group>"; };
		30A8E4DD1893C72E00DE7D99 /* ico_reply@2x.png */ = {isa = PBXFileReference; lastKnownFileType = image.png; path = "ico_reply@2x.png"; sourceTree = "<group>"; };
		30A8E4E21893C72E00DE7D99 /* pic_icon_fresh.png */ = {isa = PBXFileReference; lastKnownFileType = image.png; path = pic_icon_fresh.png; sourceTree = "<group>"; };
		30A8E4E31893C72E00DE7D99 /* pic_icon_fresh@2x.png */ = {isa = PBXFileReference; lastKnownFileType = image.png; path = "pic_icon_fresh@2x.png"; sourceTree = "<group>"; };
		30A8E4E41893C72E00DE7D99 /* pic_plank_among.png */ = {isa = PBXFileReference; lastKnownFileType = image.png; path = pic_plank_among.png; sourceTree = "<group>"; };
		30A8E4E51893C72E00DE7D99 /* pic_plank_among@2x.png */ = {isa = PBXFileReference; lastKnownFileType = image.png; path = "pic_plank_among@2x.png"; sourceTree = "<group>"; };
		30A8E4E61893C72E00DE7D99 /* pic_plank_down.png */ = {isa = PBXFileReference; lastKnownFileType = image.png; path = pic_plank_down.png; sourceTree = "<group>"; };
		30A8E4E71893C72E00DE7D99 /* pic_plank_down@2x.png */ = {isa = PBXFileReference; lastKnownFileType = image.png; path = "pic_plank_down@2x.png"; sourceTree = "<group>"; };
		30A8E4E81893C72E00DE7D99 /* pic_plank_up.png */ = {isa = PBXFileReference; lastKnownFileType = image.png; path = pic_plank_up.png; sourceTree = "<group>"; };
		30A8E4E91893C72E00DE7D99 /* pic_plank_up@2x.png */ = {isa = PBXFileReference; lastKnownFileType = image.png; path = "pic_plank_up@2x.png"; sourceTree = "<group>"; };
		30A8E50B1893C80600DE7D99 /* SMSMessageCell.h */ = {isa = PBXFileReference; fileEncoding = 4; lastKnownFileType = sourcecode.c.h; path = SMSMessageCell.h; sourceTree = "<group>"; };
		30A8E50C1893C80600DE7D99 /* SMSMessageCell.m */ = {isa = PBXFileReference; fileEncoding = 4; lastKnownFileType = sourcecode.c.objc; path = SMSMessageCell.m; sourceTree = "<group>"; };
		30A8E50E1893CC7000DE7D99 /* readme.rtf */ = {isa = PBXFileReference; fileEncoding = 4; lastKnownFileType = text.rtf; path = readme.rtf; sourceTree = "<group>"; };
		30A8E5101893D33000DE7D99 /* data.json */ = {isa = PBXFileReference; fileEncoding = 4; lastKnownFileType = text.json; path = data.json; sourceTree = "<group>"; };
		30A8E5131893D38700DE7D99 /* RMDataCenter.h */ = {isa = PBXFileReference; fileEncoding = 4; lastKnownFileType = sourcecode.c.h; path = RMDataCenter.h; sourceTree = "<group>"; };
		30A8E5141893D38700DE7D99 /* RMDataCenter.m */ = {isa = PBXFileReference; fileEncoding = 4; lastKnownFileType = sourcecode.c.objc; path = RMDataCenter.m; sourceTree = "<group>"; };
		30A8E5161893D40800DE7D99 /* Utils.h */ = {isa = PBXFileReference; fileEncoding = 4; lastKnownFileType = sourcecode.c.h; path = Utils.h; sourceTree = "<group>"; };
		30A8E5171893D40800DE7D99 /* Utils.m */ = {isa = PBXFileReference; fileEncoding = 4; lastKnownFileType = sourcecode.c.objc; path = Utils.m; sourceTree = "<group>"; };
		30A8E5191893DC3100DE7D99 /* RMCategoryItem.h */ = {isa = PBXFileReference; fileEncoding = 4; lastKnownFileType = sourcecode.c.h; path = RMCategoryItem.h; sourceTree = "<group>"; };
		30A8E51A1893DC3100DE7D99 /* RMCategoryItem.m */ = {isa = PBXFileReference; fileEncoding = 4; lastKnownFileType = sourcecode.c.objc; path = RMCategoryItem.m; sourceTree = "<group>"; };
		30A8E51C1893DC5B00DE7D99 /* RMCategory.h */ = {isa = PBXFileReference; fileEncoding = 4; lastKnownFileType = sourcecode.c.h; path = RMCategory.h; sourceTree = "<group>"; };
		30A8E51D1893DC5B00DE7D99 /* RMCategory.m */ = {isa = PBXFileReference; fileEncoding = 4; lastKnownFileType = sourcecode.c.objc; path = RMCategory.m; sourceTree = "<group>"; };
		30A8E51F1893E27D00DE7D99 /* Constants.h */ = {isa = PBXFileReference; fileEncoding = 4; lastKnownFileType = sourcecode.c.h; path = Constants.h; sourceTree = "<group>"; };
		30A8E5211893FBAA00DE7D99 /* SQLiteManager.h */ = {isa = PBXFileReference; fileEncoding = 4; lastKnownFileType = sourcecode.c.h; path = SQLiteManager.h; sourceTree = "<group>"; };
		30A8E5221893FBAA00DE7D99 /* SQLiteManager.m */ = {isa = PBXFileReference; fileEncoding = 4; lastKnownFileType = sourcecode.c.objc; path = SQLiteManager.m; sourceTree = "<group>"; };
		30A8E5241893FBC000DE7D99 /* RMSmsDataCenter.h */ = {isa = PBXFileReference; fileEncoding = 4; lastKnownFileType = sourcecode.c.h; path = RMSmsDataCenter.h; sourceTree = "<group>"; };
		30A8E5251893FBC000DE7D99 /* RMSmsDataCenter.m */ = {isa = PBXFileReference; fileEncoding = 4; lastKnownFileType = sourcecode.c.objc; path = RMSmsDataCenter.m; sourceTree = "<group>"; };
		30A8E5271893FD4800DE7D99 /* libsqlite3.dylib */ = {isa = PBXFileReference; lastKnownFileType = "compiled.mach-o.dylib"; name = libsqlite3.dylib; path = usr/lib/libsqlite3.dylib; sourceTree = SDKROOT; };
		30A8E52A189400E200DE7D99 /* 情话短信.sqlite */ = {isa = PBXFileReference; lastKnownFileType = file; path = "情话短信.sqlite"; sourceTree = "<group>"; };
		30A8E560189479D400DE7D99 /* Favorite.h */ = {isa = PBXFileReference; fileEncoding = 4; lastKnownFileType = sourcecode.c.h; path = Favorite.h; sourceTree = "<group>"; };
		30A8E561189479D400DE7D99 /* Favorite.m */ = {isa = PBXFileReference; fileEncoding = 4; lastKnownFileType = sourcecode.c.objc; path = Favorite.m; sourceTree = "<group>"; };
		30A8E56318947C1E00DE7D99 /* RMSMS.h */ = {isa = PBXFileReference; fileEncoding = 4; lastKnownFileType = sourcecode.c.h; path = RMSMS.h; sourceTree = "<group>"; };
		30A8E56418947C1E00DE7D99 /* RMSMS.m */ = {isa = PBXFileReference; fileEncoding = 4; lastKnownFileType = sourcecode.c.objc; path = RMSMS.m; sourceTree = "<group>"; };
		30A8E573189546D500DE7D99 /* RMFavoriteViewController.h */ = {isa = PBXFileReference; fileEncoding = 4; lastKnownFileType = sourcecode.c.h; path = RMFavoriteViewController.h; sourceTree = "<group>"; };
		30A8E574189546D500DE7D99 /* RMFavoriteViewController.m */ = {isa = PBXFileReference; fileEncoding = 4; lastKnownFileType = sourcecode.c.objc; path = RMFavoriteViewController.m; sourceTree = "<group>"; };
		30A8E5761895BCC900DE7D99 /* SettingsViewController.h */ = {isa = PBXFileReference; fileEncoding = 4; lastKnownFileType = sourcecode.c.h; path = SettingsViewController.h; sourceTree = "<group>"; };
		30A8E5771895BCC900DE7D99 /* SettingsViewController.m */ = {isa = PBXFileReference; fileEncoding = 4; lastKnownFileType = sourcecode.c.objc; path = SettingsViewController.m; sourceTree = "<group>"; };
		30A8E5871895BDB200DE7D99 /* Localizable.strings */ = {isa = PBXFileReference; fileEncoding = 4; lastKnownFileType = text.plist.strings; path = Localizable.strings; sourceTree = "<group>"; };
		30A8E5931895BE8500DE7D99 /* resConstants.h */ = {isa = PBXFileReference; fileEncoding = 4; lastKnownFileType = sourcecode.c.h; path = resConstants.h; sourceTree = "<group>"; };
		30A8E6671895C07100DE7D99 /* SystemConfiguration.framework */ = {isa = PBXFileReference; lastKnownFileType = wrapper.framework; name = SystemConfiguration.framework; path = System/Library/Frameworks/SystemConfiguration.framework; sourceTree = SDKROOT; };
		30A8E6691895C4C000DE7D99 /* HotViewController.h */ = {isa = PBXFileReference; fileEncoding = 4; lastKnownFileType = sourcecode.c.h; path = HotViewController.h; sourceTree = "<group>"; };
		30A8E66A1895C4C000DE7D99 /* HotViewController.m */ = {isa = PBXFileReference; fileEncoding = 4; lastKnownFileType = sourcecode.c.objc; path = HotViewController.m; sourceTree = "<group>"; };
		30A8E66C1897196E00DE7D99 /* 经典情话.sqlite */ = {isa = PBXFileReference; lastKnownFileType = file; path = "经典情话.sqlite"; sourceTree = "<group>"; };
		30A8E66E18971DB300DE7D99 /* 感人的情话.sqlite */ = {isa = PBXFileReference; lastKnownFileType = file; path = "感人的情话.sqlite"; sourceTree = "<group>"; };
		30A8E66F18971DB300DE7D99 /* 浪漫的情话.sqlite */ = {isa = PBXFileReference; lastKnownFileType = file; path = "浪漫的情话.sqlite"; sourceTree = "<group>"; };
		30A8E67018971DB300DE7D99 /* 爱情宣言.sqlite */ = {isa = PBXFileReference; lastKnownFileType = file; path = "爱情宣言.sqlite"; sourceTree = "<group>"; };
		30A8E67118971DB300DE7D99 /* 爱情诗句.sqlite */ = {isa = PBXFileReference; lastKnownFileType = file; path = "爱情诗句.sqlite"; sourceTree = "<group>"; };
		30A8E67218971DB300DE7D99 /* 爱情语录.sqlite */ = {isa = PBXFileReference; lastKnownFileType = file; path = "爱情语录.sqlite"; sourceTree = "<group>"; };
		30A8E67318971DB300DE7D99 /* 肉麻的情话.sqlite */ = {isa = PBXFileReference; lastKnownFileType = file; path = "肉麻的情话.sqlite"; sourceTree = "<group>"; };
		30BBF45E1891491F00631F6E /* MessageGuru.app */ = {isa = PBXFileReference; explicitFileType = wrapper.application; includeInIndex = 0; path = MessageGuru.app; sourceTree = BUILT_PRODUCTS_DIR; };
		30BBF4611891491F00631F6E /* Foundation.framework */ = {isa = PBXFileReference; lastKnownFileType = wrapper.framework; name = Foundation.framework; path = System/Library/Frameworks/Foundation.framework; sourceTree = SDKROOT; };
		30BBF4631891491F00631F6E /* CoreGraphics.framework */ = {isa = PBXFileReference; lastKnownFileType = wrapper.framework; name = CoreGraphics.framework; path = System/Library/Frameworks/CoreGraphics.framework; sourceTree = SDKROOT; };
		30BBF4651891491F00631F6E /* UIKit.framework */ = {isa = PBXFileReference; lastKnownFileType = wrapper.framework; name = UIKit.framework; path = System/Library/Frameworks/UIKit.framework; sourceTree = SDKROOT; };
		30BBF4691891491F00631F6E /* MessageGuru-Info.plist */ = {isa = PBXFileReference; lastKnownFileType = text.plist.xml; path = "MessageGuru-Info.plist"; sourceTree = "<group>"; };
		30BBF46B1891491F00631F6E /* en */ = {isa = PBXFileReference; lastKnownFileType = text.plist.strings; name = en; path = en.lproj/InfoPlist.strings; sourceTree = "<group>"; };
		30BBF46D1891491F00631F6E /* main.m */ = {isa = PBXFileReference; lastKnownFileType = sourcecode.c.objc; path = main.m; sourceTree = "<group>"; };
		30BBF46F1891491F00631F6E /* MessageGuru-Prefix.pch */ = {isa = PBXFileReference; lastKnownFileType = sourcecode.c.h; path = "MessageGuru-Prefix.pch"; sourceTree = "<group>"; };
		30BBF4701891491F00631F6E /* RMAppDelegate.h */ = {isa = PBXFileReference; lastKnownFileType = sourcecode.c.h; path = RMAppDelegate.h; sourceTree = "<group>"; };
		30BBF4711891491F00631F6E /* RMAppDelegate.m */ = {isa = PBXFileReference; lastKnownFileType = sourcecode.c.objc; path = RMAppDelegate.m; sourceTree = "<group>"; };
		30BBF4731891491F00631F6E /* Images.xcassets */ = {isa = PBXFileReference; lastKnownFileType = folder.assetcatalog; path = Images.xcassets; sourceTree = "<group>"; };
		30BBF4791891491F00631F6E /* MessageGuruTests.xctest */ = {isa = PBXFileReference; explicitFileType = wrapper.cfbundle; includeInIndex = 0; path = MessageGuruTests.xctest; sourceTree = BUILT_PRODUCTS_DIR; };
		30BBF47A1891491F00631F6E /* XCTest.framework */ = {isa = PBXFileReference; lastKnownFileType = wrapper.framework; name = XCTest.framework; path = Library/Frameworks/XCTest.framework; sourceTree = DEVELOPER_DIR; };
		30BBF4821891491F00631F6E /* MessageGuruTests-Info.plist */ = {isa = PBXFileReference; lastKnownFileType = text.plist.xml; path = "MessageGuruTests-Info.plist"; sourceTree = "<group>"; };
		30BBF4841891491F00631F6E /* en */ = {isa = PBXFileReference; lastKnownFileType = text.plist.strings; name = en; path = en.lproj/InfoPlist.strings; sourceTree = "<group>"; };
		30BBF4861891491F00631F6E /* MessageGuruTests.m */ = {isa = PBXFileReference; lastKnownFileType = sourcecode.c.objc; path = MessageGuruTests.m; sourceTree = "<group>"; };
		30BBF4901891494D00631F6E /* BaseViewController.h */ = {isa = PBXFileReference; fileEncoding = 4; lastKnownFileType = sourcecode.c.h; path = BaseViewController.h; sourceTree = "<group>"; };
		30BBF4911891494D00631F6E /* BaseViewController.m */ = {isa = PBXFileReference; fileEncoding = 4; lastKnownFileType = sourcecode.c.objc; path = BaseViewController.m; sourceTree = "<group>"; };
		30BBF4921891494D00631F6E /* TabbedViewController.h */ = {isa = PBXFileReference; fileEncoding = 4; lastKnownFileType = sourcecode.c.h; path = TabbedViewController.h; sourceTree = "<group>"; };
		30BBF4931891494D00631F6E /* TabbedViewController.m */ = {isa = PBXFileReference; fileEncoding = 4; lastKnownFileType = sourcecode.c.objc; path = TabbedViewController.m; sourceTree = "<group>"; };
		30BBF4EF189159AE00631F6E /* ListItem.h */ = {isa = PBXFileReference; fileEncoding = 4; lastKnownFileType = sourcecode.c.h; path = ListItem.h; sourceTree = "<group>"; };
		30BBF4F0189159AE00631F6E /* ListItem.m */ = {isa = PBXFileReference; fileEncoding = 4; lastKnownFileType = sourcecode.c.objc; path = ListItem.m; sourceTree = "<group>"; };
		30BBF4F1189159AE00631F6E /* POHorizontalList.h */ = {isa = PBXFileReference; fileEncoding = 4; lastKnownFileType = sourcecode.c.h; path = POHorizontalList.h; sourceTree = "<group>"; };
		30BBF4F2189159AE00631F6E /* POHorizontalList.m */ = {isa = PBXFileReference; fileEncoding = 4; lastKnownFileType = sourcecode.c.objc; path = POHorizontalList.m; sourceTree = "<group>"; };
		30BBF4F3189159AE00631F6E /* POHorizontalListDelegate.h */ = {isa = PBXFileReference; fileEncoding = 4; lastKnownFileType = sourcecode.c.h; path = POHorizontalListDelegate.h; sourceTree = "<group>"; };
		30BBF4F4189159AE00631F6E /* AllSMSViewController.h */ = {isa = PBXFileReference; fileEncoding = 4; lastKnownFileType = sourcecode.c.h; path = AllSMSViewController.h; sourceTree = "<group>"; };
		30BBF4F5189159AE00631F6E /* AllSMSViewController.m */ = {isa = PBXFileReference; fileEncoding = 4; lastKnownFileType = sourcecode.c.objc; path = AllSMSViewController.m; sourceTree = "<group>"; };
		30BBF4F6189159AE00631F6E /* AllSMSViewController.xib */ = {isa = PBXFileReference; fileEncoding = 4; lastKnownFileType = file.xib; path = AllSMSViewController.xib; sourceTree = "<group>"; };
		30BBF50818915A3C00631F6E /* camera_button_take.png */ = {isa = PBXFileReference; lastKnownFileType = image.png; path = camera_button_take.png; sourceTree = "<group>"; };
		30BBF50918915A3C00631F6E /* camera_button_take@2x.png */ = {isa = PBXFileReference; lastKnownFileType = image.png; path = "camera_button_take@2x.png"; sourceTree = "<group>"; };
		30BBF50A18915A3C00631F6E /* DailyBoothIcon.png */ = {isa = PBXFileReference; lastKnownFileType = image.png; path = DailyBoothIcon.png; sourceTree = "<group>"; };
		30BBF50B18915A3C00631F6E /* DailyBoothIcon@2x.png */ = {isa = PBXFileReference; lastKnownFileType = image.png; path = "DailyBoothIcon@2x.png"; sourceTree = "<group>"; };
		30BBF50C18915A3C00631F6E /* tab_feed.png */ = {isa = PBXFileReference; lastKnownFileType = image.png; path = tab_feed.png; sourceTree = "<group>"; };
		30BBF50D18915A3C00631F6E /* tab_feed@2x.png */ = {isa = PBXFileReference; lastKnownFileType = image.png; path = "tab_feed@2x.png"; sourceTree = "<group>"; };
		30BBF50E18915A3C00631F6E /* tab_feed_profile.png */ = {isa = PBXFileReference; lastKnownFileType = image.png; path = tab_feed_profile.png; sourceTree = "<group>"; };
		30BBF50F18915A3C00631F6E /* tab_feed_profile@2x.png */ = {isa = PBXFileReference; lastKnownFileType = image.png; path = "tab_feed_profile@2x.png"; sourceTree = "<group>"; };
		30BBF51018915A3C00631F6E /* tab_live.png */ = {isa = PBXFileReference; lastKnownFileType = image.png; path = tab_live.png; sourceTree = "<group>"; };
		30BBF51118915A3C00631F6E /* tab_live@2x.png */ = {isa = PBXFileReference; lastKnownFileType = image.png; path = "tab_live@2x.png"; sourceTree = "<group>"; };
		30BBF51218915A3C00631F6E /* tab_messages.png */ = {isa = PBXFileReference; lastKnownFileType = image.png; path = tab_messages.png; sourceTree = "<group>"; };
		30BBF51318915A3C00631F6E /* tab_messages@2x.png */ = {isa = PBXFileReference; lastKnownFileType = image.png; path = "tab_messages@2x.png"; sourceTree = "<group>"; };
		30BBF51418915A3C00631F6E /* tabBar_cameraButton_ready_matte.png */ = {isa = PBXFileReference; lastKnownFileType = image.png; path = tabBar_cameraButton_ready_matte.png; sourceTree = "<group>"; };
		30BBF51518915A3C00631F6E /* tabBar_cameraButton_ready_matte@2x.png */ = {isa = PBXFileReference; lastKnownFileType = image.png; path = "tabBar_cameraButton_ready_matte@2x.png"; sourceTree = "<group>"; };
		30BBF52F1893BDD600631F6E /* SMSListViewController.h */ = {isa = PBXFileReference; fileEncoding = 4; lastKnownFileType = sourcecode.c.h; path = SMSListViewController.h; sourceTree = "<group>"; };
		30BBF5301893BDD600631F6E /* SMSListViewController.m */ = {isa = PBXFileReference; fileEncoding = 4; lastKnownFileType = sourcecode.c.objc; path = SMSListViewController.m; sourceTree = "<group>"; };
/* End PBXFileReference section */

/* Begin PBXFrameworksBuildPhase section */
		30BBF45B1891491F00631F6E /* Frameworks */ = {
			isa = PBXFrameworksBuildPhase;
			buildActionMask = 2147483647;
			files = (
				306CB63D18A8396B0054C40A /* libUMSocial_Sdk_Comment_2.2.1.1.a in Frameworks */,
				30A8E6681895C07100DE7D99 /* SystemConfiguration.framework in Frameworks */,
				30A8E5281893FD4800DE7D99 /* libsqlite3.dylib in Frameworks */,
				306CB63B18A8396B0054C40A /* libWeChatSDK_armv7_armv7s.a in Frameworks */,
				30BBF4641891491F00631F6E /* CoreGraphics.framework in Frameworks */,
				306CB68F18A839A20054C40A /* libFlurry_4.2.3.a in Frameworks */,
				30BBF4661891491F00631F6E /* UIKit.framework in Frameworks */,
				306CB5BC18A8394D0054C40A /* libUMFeedback.a in Frameworks */,
				30BBF4621891491F00631F6E /* Foundation.framework in Frameworks */,
				306CB63C18A8396B0054C40A /* libUMSocial_Sdk_2.2.1.1.a in Frameworks */,
			);
			runOnlyForDeploymentPostprocessing = 0;
		};
		30BBF4761891491F00631F6E /* Frameworks */ = {
			isa = PBXFrameworksBuildPhase;
			buildActionMask = 2147483647;
			files = (
				30BBF47B1891491F00631F6E /* XCTest.framework in Frameworks */,
				30BBF47D1891491F00631F6E /* UIKit.framework in Frameworks */,
				30BBF47C1891491F00631F6E /* Foundation.framework in Frameworks */,
			);
			runOnlyForDeploymentPostprocessing = 0;
		};
/* End PBXFrameworksBuildPhase section */

/* Begin PBXGroup section */
		306CB5B518A8394D0054C40A /* UMFeedback_iOS_1.4 */ = {
			isa = PBXGroup;
			children = (
				306CB5B618A8394D0054C40A /* changes_log.html */,
				306CB5B718A8394D0054C40A /* libUMFeedback.a */,
				306CB5B818A8394D0054C40A /* umFeedback.bundle */,
				306CB5B918A8394D0054C40A /* UMFeedback.h */,
				306CB5BA18A8394D0054C40A /* 开发指南.html */,
			);
			path = UMFeedback_iOS_1.4;
			sourceTree = "<group>";
		};
		306CB5BF18A8396A0054C40A /* UMSocial_Sdk_All_2.2.1.1 */ = {
			isa = PBXGroup;
			children = (
				306CB5C018A8396A0054C40A /* UMSocial_Sdk_2.2.1.1 */,
				306CB5E018A8396A0054C40A /* UMSocial_Sdk_Api_Reference */,
				306CB63018A8396B0054C40A /* UMSocial_Sdk_Instructions */,
				306CB63918A8396B0054C40A /* UMSocial_Sdk_ReleaseNotes.html */,
			);
			path = UMSocial_Sdk_All_2.2.1.1;
			sourceTree = "<group>";
		};
		306CB5C018A8396A0054C40A /* UMSocial_Sdk_2.2.1.1 */ = {
			isa = PBXGroup;
			children = (
				306CB5C118A8396A0054C40A /* UMSocialLocalizable.strings */,
				306CB5C318A8396A0054C40A /* frameworks */,
				306CB5C818A8396A0054C40A /* Header */,
				306CB5D318A8396A0054C40A /* libUMSocial_Sdk_2.2.1.1.a */,
				306CB5D418A8396A0054C40A /* libUMSocial_Sdk_Comment_2.2.1.1.a */,
				306CB5D518A8396A0054C40A /* SocialSDKXib */,
				306CB5DE18A8396A0054C40A /* UMSocialSDKResourcesNew.bundle */,
			);
			path = UMSocial_Sdk_2.2.1.1;
			sourceTree = "<group>";
		};
		306CB5C318A8396A0054C40A /* frameworks */ = {
			isa = PBXGroup;
			children = (
				306CB5C418A8396A0054C40A /* Wechat */,
			);
			path = frameworks;
			sourceTree = "<group>";
		};
		306CB5C418A8396A0054C40A /* Wechat */ = {
			isa = PBXGroup;
			children = (
				306CB5C518A8396A0054C40A /* libWeChatSDK_armv7_armv7s.a */,
				306CB5C618A8396A0054C40A /* WXApi.h */,
				306CB5C718A8396A0054C40A /* WXApiObject.h */,
			);
			path = Wechat;
			sourceTree = "<group>";
		};
		306CB5C818A8396A0054C40A /* Header */ = {
			isa = PBXGroup;
			children = (
				306CB5C918A8396A0054C40A /* UMSocial.h */,
				306CB5CA18A8396A0054C40A /* UMSocialAccountManager.h */,
				306CB5CB18A8396A0054C40A /* UMSocialBar.h */,
				306CB5CC18A8396A0054C40A /* UMSocialConfig.h */,
				306CB5CD18A8396A0054C40A /* UMSocialControllerService.h */,
				306CB5CE18A8396A0054C40A /* UMSocialControllerServiceComment.h */,
				306CB5CF18A8396A0054C40A /* UMSocialData.h */,
				306CB5D018A8396A0054C40A /* UMSocialDataService.h */,
				306CB5D118A8396A0054C40A /* UMSocialSnsPlatformManager.h */,
				306CB5D218A8396A0054C40A /* UMSocialSnsService.h */,
			);
			path = Header;
			sourceTree = "<group>";
		};
		306CB5D518A8396A0054C40A /* SocialSDKXib */ = {
			isa = PBXGroup;
			children = (
				306CB5D618A8396A0054C40A /* UMSCommentDetailController.xib */,
				306CB5D718A8396A0054C40A /* UMSCommentInputController.xib */,
				306CB5D818A8396A0054C40A /* UMSCommentInputControlleriPad.xib */,
				306CB5D918A8396A0054C40A /* UMShareEditViewController.xib */,
				306CB5DA18A8396A0054C40A /* UMShareEditViewControlleriPad.xib */,
				306CB5DB18A8396A0054C40A /* UMSLoginViewController.xib */,
				306CB5DC18A8396A0054C40A /* UMSnsAccountViewController.xib */,
				306CB5DD18A8396A0054C40A /* UMSShareListController.xib */,
			);
			path = SocialSDKXib;
			sourceTree = "<group>";
		};
		306CB5E018A8396A0054C40A /* UMSocial_Sdk_Api_Reference */ = {
			isa = PBXGroup;
			children = (
				306CB5E118A8396A0054C40A /* Classes */,
				306CB5F318A8396A0054C40A /* css */,
				306CB5F618A8396A0054C40A /* hierarchy.html */,
				306CB5F718A8396A0054C40A /* img */,
				306CB5FE18A8396A0054C40A /* index.html */,
				306CB5FF18A8396A0054C40A /* Protocols */,
			);
			path = UMSocial_Sdk_Api_Reference;
			sourceTree = "<group>";
		};
		306CB5E118A8396A0054C40A /* Classes */ = {
			isa = PBXGroup;
			children = (
				306CB5E218A8396A0054C40A /* UMSocialAccountEntity.html */,
				306CB5E318A8396A0054C40A /* UMSocialAccountManager.html */,
				306CB5E418A8396A0054C40A /* UMSocialBar.html */,
				306CB5E518A8396A0054C40A /* UMSocialButton.html */,
				306CB5E618A8396A0054C40A /* UMSocialConfig.html */,
				306CB5E718A8396A0054C40A /* UMSocialControllerService.html */,
				306CB5E818A8396A0054C40A /* UMSocialControllerServiceComment.html */,
				306CB5E918A8396A0054C40A /* UMSocialCustomAccount.html */,
				306CB5EA18A8396A0054C40A /* UMSocialData.html */,
				306CB5EB18A8396A0054C40A /* UMSocialDataService.html */,
				306CB5EC18A8396A0054C40A /* UMSocialExtConfig.html */,
				306CB5ED18A8396A0054C40A /* UMSocialIconActionSheet.html */,
				306CB5EE18A8396A0054C40A /* UMSocialResponseEntity.html */,
				306CB5EF18A8396A0054C40A /* UMSocialSnsPlatform.html */,
				306CB5F018A8396A0054C40A /* UMSocialSnsPlatformManager.html */,
				306CB5F118A8396A0054C40A /* UMSocialSnsService.html */,
				306CB5F218A8396A0054C40A /* UMSocialUrlResource.html */,
			);
			path = Classes;
			sourceTree = "<group>";
		};
		306CB5F318A8396A0054C40A /* css */ = {
			isa = PBXGroup;
			children = (
				306CB5F418A8396A0054C40A /* styles.css */,
				306CB5F518A8396A0054C40A /* stylesPrint.css */,
			);
			path = css;
			sourceTree = "<group>";
		};
		306CB5F718A8396A0054C40A /* img */ = {
			isa = PBXGroup;
			children = (
				306CB5F818A8396A0054C40A /* button_bar_background.png */,
				306CB5F918A8396A0054C40A /* class_grath.png */,
				306CB5FA18A8396A0054C40A /* disclosure.png */,
				306CB5FB18A8396A0054C40A /* disclosure_open.png */,
				306CB5FC18A8396A0054C40A /* library_background.png */,
				306CB5FD18A8396A0054C40A /* title_background.png */,
			);
			path = img;
			sourceTree = "<group>";
		};
		306CB5FF18A8396A0054C40A /* Protocols */ = {
			isa = PBXGroup;
			children = (
				306CB60018A8396A0054C40A /* UMSocialDataDelegate.html */,
				306CB60118A8396A0054C40A /* UMSocialUIDelegate.html */,
			);
			path = Protocols;
			sourceTree = "<group>";
		};
		306CB63018A8396B0054C40A /* UMSocial_Sdk_Instructions */ = {
			isa = PBXGroup;
			children = (
				306CB63118A8396B0054C40A /* ios-social-sdk-comment-detail.html */,
				306CB63218A8396B0054C40A /* ios-social-sdk-comment-quick.html */,
				306CB63318A8396B0054C40A /* ios-social-sdk-like.html */,
				306CB63418A8396B0054C40A /* ios-social-sdk-login-detail.html */,
				306CB63518A8396B0054C40A /* ios-social-sdk-login-quick.html */,
				306CB63618A8396B0054C40A /* ios-social-sdk-share-detail.html */,
				306CB63718A8396B0054C40A /* ios-social-sdk-share-quick.html */,
				306CB63818A8396B0054C40A /* ios-social-sdk-socialbar.html */,
			);
			path = UMSocial_Sdk_Instructions;
			sourceTree = "<group>";
		};
		306CB68818A839A20054C40A /* Flurry */ = {
			isa = PBXGroup;
			children = (
				306CB68918A839A20054C40A /* Flurry.h */,
				306CB68A18A839A20054C40A /* libFlurry_4.2.3.a */,
			);
			path = Flurry;
			sourceTree = "<group>";
		};
		306CB68B18A839A20054C40A /* iRate */ = {
			isa = PBXGroup;
			children = (
				306CB68C18A839A20054C40A /* iRate.bundle */,
				306CB68D18A839A20054C40A /* iRate.h */,
				306CB68E18A839A20054C40A /* iRate.m */,
			);
			path = iRate;
			sourceTree = "<group>";
		};
		306CB69218A839BB0054C40A /* JMStaticContentTableViewController */ = {
			isa = PBXGroup;
			children = (
				306CB69318A839BB0054C40A /* JMStaticContentTableViewBlocks.h */,
				306CB69418A839BB0054C40A /* JMStaticContentTableViewCell.h */,
				306CB69518A839BB0054C40A /* JMStaticContentTableViewCell.m */,
				306CB69618A839BB0054C40A /* JMStaticContentTableViewController.h */,
				306CB69718A839BB0054C40A /* JMStaticContentTableViewController.m */,
				306CB69818A839BB0054C40A /* JMStaticContentTableViewSection.h */,
				306CB69918A839BB0054C40A /* JMStaticContentTableViewSection.m */,
				306CB69A18A839BB0054C40A /* StaticTextFieldTableViewCell.h */,
				306CB69B18A839BB0054C40A /* StaticTextFieldTableViewCell.m */,
			);
			path = JMStaticContentTableViewController;
			sourceTree = "<group>";
		};
		306CB6A018A839D30054C40A /* StringUtils */ = {
			isa = PBXGroup;
			children = (
				306CB6A118A839D30054C40A /* GTMNSString+HTML.h */,
				306CB6A218A839D30054C40A /* GTMNSString+HTML.m */,
				306CB6A318A839D30054C40A /* NSString+HTML.h */,
				306CB6A418A839D30054C40A /* NSString+HTML.m */,
				306CB6A518A839D30054C40A /* NSString+StringThatFits.h */,
				306CB6A618A839D30054C40A /* NSString+StringThatFits.m */,
				306CB6A718A839D30054C40A /* StringUtil.h */,
				306CB6A818A839D30054C40A /* StringUtil.m */,
			);
			path = StringUtils;
			sourceTree = "<group>";
		};
		30A8E4C81893C55E00DE7D99 /* TabbedController */ = {
			isa = PBXGroup;
			children = (
				30BBF4901891494D00631F6E /* BaseViewController.h */,
				30BBF4911891494D00631F6E /* BaseViewController.m */,
			);
			name = TabbedController;
			sourceTree = "<group>";
		};
		30A8E4CB1893C72E00DE7D99 /* MessageCellImages */ = {
			isa = PBXGroup;
			children = (
				30A8E4DA1893C72E00DE7D99 /* ico_people.png */,
				30A8E4DB1893C72E00DE7D99 /* ico_people@2x.png */,
				30A8E4DC1893C72E00DE7D99 /* ico_reply.png */,
				30A8E4DD1893C72E00DE7D99 /* ico_reply@2x.png */,
				30A8E4E21893C72E00DE7D99 /* pic_icon_fresh.png */,
				30A8E4E31893C72E00DE7D99 /* pic_icon_fresh@2x.png */,
				30A8E4E41893C72E00DE7D99 /* pic_plank_among.png */,
				30A8E4E51893C72E00DE7D99 /* pic_plank_among@2x.png */,
				30A8E4E61893C72E00DE7D99 /* pic_plank_down.png */,
				30A8E4E71893C72E00DE7D99 /* pic_plank_down@2x.png */,
				30A8E4E81893C72E00DE7D99 /* pic_plank_up.png */,
				30A8E4E91893C72E00DE7D99 /* pic_plank_up@2x.png */,
			);
			path = MessageCellImages;
			sourceTree = "<group>";
		};
		30A8E50A1893C7D600DE7D99 /* MessageCell */ = {
			isa = PBXGroup;
			children = (
				30A8E4CB1893C72E00DE7D99 /* MessageCellImages */,
				30A8E4C91893C70000DE7D99 /* SMSMessageCell.xib */,
				30A8E50B1893C80600DE7D99 /* SMSMessageCell.h */,
				30A8E50C1893C80600DE7D99 /* SMSMessageCell.m */,
			);
			name = MessageCell;
			sourceTree = "<group>";
		};
		30A8E5121893D36000DE7D99 /* Model */ = {
			isa = PBXGroup;
			children = (
				30A8E529189400E200DE7D99 /* Data */,
				30A8E5161893D40800DE7D99 /* Utils.h */,
				30A8E5171893D40800DE7D99 /* Utils.m */,
				30A8E5131893D38700DE7D99 /* RMDataCenter.h */,
				30A8E5141893D38700DE7D99 /* RMDataCenter.m */,
				30A8E5191893DC3100DE7D99 /* RMCategoryItem.h */,
				30A8E51A1893DC3100DE7D99 /* RMCategoryItem.m */,
				30A8E51C1893DC5B00DE7D99 /* RMCategory.h */,
				30A8E51D1893DC5B00DE7D99 /* RMCategory.m */,
				30A8E5241893FBC000DE7D99 /* RMSmsDataCenter.h */,
				30A8E5251893FBC000DE7D99 /* RMSmsDataCenter.m */,
				30A8E560189479D400DE7D99 /* Favorite.h */,
				30A8E561189479D400DE7D99 /* Favorite.m */,
				30A8E56318947C1E00DE7D99 /* RMSMS.h */,
				30A8E56418947C1E00DE7D99 /* RMSMS.m */,
			);
			name = Model;
			sourceTree = "<group>";
		};
		30A8E5201893FBAA00DE7D99 /* SQLiteManager */ = {
			isa = PBXGroup;
			children = (
				30A8E5211893FBAA00DE7D99 /* SQLiteManager.h */,
				30A8E5221893FBAA00DE7D99 /* SQLiteManager.m */,
			);
			path = SQLiteManager;
			sourceTree = "<group>";
		};
		30A8E529189400E200DE7D99 /* Data */ = {
			isa = PBXGroup;
			children = (
				30A8E67A18971F3A00DE7D99 /* 情话 */,
			);
			path = Data;
			sourceTree = "<group>";
		};
		30A8E55E1894760500DE7D99 /* External */ = {
			isa = PBXGroup;
			children = (
				306CB6A018A839D30054C40A /* StringUtils */,
				306CB69218A839BB0054C40A /* JMStaticContentTableViewController */,
				306CB68818A839A20054C40A /* Flurry */,
				306CB68B18A839A20054C40A /* iRate */,
				306CB5BF18A8396A0054C40A /* UMSocial_Sdk_All_2.2.1.1 */,
				306CB5B518A8394D0054C40A /* UMFeedback_iOS_1.4 */,
				30A8E4C81893C55E00DE7D99 /* TabbedController */,
				30A8E5201893FBAA00DE7D99 /* SQLiteManager */,
				30BBF4EE189159AE00631F6E /* POHorizontalList */,
				30A8E50A1893C7D600DE7D99 /* MessageCell */,
			);
			name = External;
			sourceTree = "<group>";
		};
		30A8E55F1894781700DE7D99 /* Controllers */ = {
			isa = PBXGroup;
			children = (
				30A8E5761895BCC900DE7D99 /* SettingsViewController.h */,
				30A8E5771895BCC900DE7D99 /* SettingsViewController.m */,
				30BBF4921891494D00631F6E /* TabbedViewController.h */,
				30BBF4931891494D00631F6E /* TabbedViewController.m */,
				30BBF52F1893BDD600631F6E /* SMSListViewController.h */,
				30BBF5301893BDD600631F6E /* SMSListViewController.m */,
				30BBF4F4189159AE00631F6E /* AllSMSViewController.h */,
				30BBF4F5189159AE00631F6E /* AllSMSViewController.m */,
				30BBF4F6189159AE00631F6E /* AllSMSViewController.xib */,
				30A8E573189546D500DE7D99 /* RMFavoriteViewController.h */,
				30A8E574189546D500DE7D99 /* RMFavoriteViewController.m */,
				30A8E6691895C4C000DE7D99 /* HotViewController.h */,
				30A8E66A1895C4C000DE7D99 /* HotViewController.m */,
			);
			name = Controllers;
			sourceTree = "<group>";
		};
		30A8E67A18971F3A00DE7D99 /* 情话 */ = {
			isa = PBXGroup;
			children = (
				30A8E66E18971DB300DE7D99 /* 感人的情话.sqlite */,
				30A8E66F18971DB300DE7D99 /* 浪漫的情话.sqlite */,
				30A8E67018971DB300DE7D99 /* 爱情宣言.sqlite */,
				30A8E67118971DB300DE7D99 /* 爱情诗句.sqlite */,
				30A8E67218971DB300DE7D99 /* 爱情语录.sqlite */,
				30A8E67318971DB300DE7D99 /* 肉麻的情话.sqlite */,
				30A8E66C1897196E00DE7D99 /* 经典情话.sqlite */,
				30A8E52A189400E200DE7D99 /* 情话短信.sqlite */,
			);
			name = "情话";
			sourceTree = "<group>";
		};
		30BBF4551891491F00631F6E = {
			isa = PBXGroup;
			children = (
				30BBF4671891491F00631F6E /* MessageGuru */,
				30BBF4801891491F00631F6E /* MessageGuruTests */,
				30BBF4601891491F00631F6E /* Frameworks */,
				30BBF45F1891491F00631F6E /* Products */,
			);
			sourceTree = "<group>";
		};
		30BBF45F1891491F00631F6E /* Products */ = {
			isa = PBXGroup;
			children = (
				30BBF45E1891491F00631F6E /* MessageGuru.app */,
				30BBF4791891491F00631F6E /* MessageGuruTests.xctest */,
			);
			name = Products;
			sourceTree = "<group>";
		};
		30BBF4601891491F00631F6E /* Frameworks */ = {
			isa = PBXGroup;
			children = (
				30A8E6671895C07100DE7D99 /* SystemConfiguration.framework */,
				30A8E5271893FD4800DE7D99 /* libsqlite3.dylib */,
				30BBF4611891491F00631F6E /* Foundation.framework */,
				30BBF4631891491F00631F6E /* CoreGraphics.framework */,
				30BBF4651891491F00631F6E /* UIKit.framework */,
				30BBF47A1891491F00631F6E /* XCTest.framework */,
			);
			name = Frameworks;
			sourceTree = "<group>";
		};
		30BBF4671891491F00631F6E /* MessageGuru */ = {
			isa = PBXGroup;
			children = (
				30A8E55F1894781700DE7D99 /* Controllers */,
				30A8E55E1894760500DE7D99 /* External */,
				30A8E5121893D36000DE7D99 /* Model */,
				30BBF4681891491F00631F6E /* Supporting Files */,
			);
			path = MessageGuru;
			sourceTree = "<group>";
		};
		30BBF4681891491F00631F6E /* Supporting Files */ = {
			isa = PBXGroup;
			children = (
				30A8E5931895BE8500DE7D99 /* resConstants.h */,
				30A8E5101893D33000DE7D99 /* data.json */,
				30BBF4731891491F00631F6E /* Images.xcassets */,
				30BBF4701891491F00631F6E /* RMAppDelegate.h */,
				30BBF4711891491F00631F6E /* RMAppDelegate.m */,
				30A8E51F1893E27D00DE7D99 /* Constants.h */,
				30BBF4FB18915A3C00631F6E /* Images */,
				30BBF4691891491F00631F6E /* MessageGuru-Info.plist */,
				30BBF46A1891491F00631F6E /* InfoPlist.strings */,
				30BBF46D1891491F00631F6E /* main.m */,
				30BBF46F1891491F00631F6E /* MessageGuru-Prefix.pch */,
				30A8E50E1893CC7000DE7D99 /* readme.rtf */,
				30A8E5871895BDB200DE7D99 /* Localizable.strings */,
			);
			name = "Supporting Files";
			sourceTree = "<group>";
		};
		30BBF4801891491F00631F6E /* MessageGuruTests */ = {
			isa = PBXGroup;
			children = (
				30BBF4861891491F00631F6E /* MessageGuruTests.m */,
				30BBF4811891491F00631F6E /* Supporting Files */,
			);
			path = MessageGuruTests;
			sourceTree = "<group>";
		};
		30BBF4811891491F00631F6E /* Supporting Files */ = {
			isa = PBXGroup;
			children = (
				30BBF4821891491F00631F6E /* MessageGuruTests-Info.plist */,
				30BBF4831891491F00631F6E /* InfoPlist.strings */,
				30A8E4C61893C4E900DE7D99 /* readme.rtf */,
			);
			name = "Supporting Files";
			sourceTree = "<group>";
		};
		30BBF4EE189159AE00631F6E /* POHorizontalList */ = {
			isa = PBXGroup;
			children = (
				30BBF4EF189159AE00631F6E /* ListItem.h */,
				30BBF4F0189159AE00631F6E /* ListItem.m */,
				30BBF4F1189159AE00631F6E /* POHorizontalList.h */,
				30BBF4F2189159AE00631F6E /* POHorizontalList.m */,
				30BBF4F3189159AE00631F6E /* POHorizontalListDelegate.h */,
			);
			path = POHorizontalList;
			sourceTree = "<group>";
		};
		30BBF4FB18915A3C00631F6E /* Images */ = {
			isa = PBXGroup;
			children = (
				30BBF50718915A3C00631F6E /* DailyBooth */,
			);
			path = Images;
			sourceTree = "<group>";
		};
		30BBF50718915A3C00631F6E /* DailyBooth */ = {
			isa = PBXGroup;
			children = (
				30BBF50818915A3C00631F6E /* camera_button_take.png */,
				30BBF50918915A3C00631F6E /* camera_button_take@2x.png */,
				30BBF50A18915A3C00631F6E /* DailyBoothIcon.png */,
				30BBF50B18915A3C00631F6E /* DailyBoothIcon@2x.png */,
				30BBF50C18915A3C00631F6E /* tab_feed.png */,
				30BBF50D18915A3C00631F6E /* tab_feed@2x.png */,
				30BBF50E18915A3C00631F6E /* tab_feed_profile.png */,
				30BBF50F18915A3C00631F6E /* tab_feed_profile@2x.png */,
				30BBF51018915A3C00631F6E /* tab_live.png */,
				30BBF51118915A3C00631F6E /* tab_live@2x.png */,
				30BBF51218915A3C00631F6E /* tab_messages.png */,
				30BBF51318915A3C00631F6E /* tab_messages@2x.png */,
				30BBF51418915A3C00631F6E /* tabBar_cameraButton_ready_matte.png */,
				30BBF51518915A3C00631F6E /* tabBar_cameraButton_ready_matte@2x.png */,
			);
			path = DailyBooth;
			sourceTree = "<group>";
		};
/* End PBXGroup section */

/* Begin PBXNativeTarget section */
		30BBF45D1891491F00631F6E /* MessageGuru */ = {
			isa = PBXNativeTarget;
			buildConfigurationList = 30BBF48A1891491F00631F6E /* Build configuration list for PBXNativeTarget "MessageGuru" */;
			buildPhases = (
				30BBF45A1891491F00631F6E /* Sources */,
				30BBF45B1891491F00631F6E /* Frameworks */,
				30BBF45C1891491F00631F6E /* Resources */,
			);
			buildRules = (
			);
			dependencies = (
			);
			name = MessageGuru;
			productName = MessageGuru;
			productReference = 30BBF45E1891491F00631F6E /* MessageGuru.app */;
			productType = "com.apple.product-type.application";
		};
		30BBF4781891491F00631F6E /* MessageGuruTests */ = {
			isa = PBXNativeTarget;
			buildConfigurationList = 30BBF48D1891491F00631F6E /* Build configuration list for PBXNativeTarget "MessageGuruTests" */;
			buildPhases = (
				30BBF4751891491F00631F6E /* Sources */,
				30BBF4761891491F00631F6E /* Frameworks */,
				30BBF4771891491F00631F6E /* Resources */,
			);
			buildRules = (
			);
			dependencies = (
				30BBF47F1891491F00631F6E /* PBXTargetDependency */,
			);
			name = MessageGuruTests;
			productName = MessageGuruTests;
			productReference = 30BBF4791891491F00631F6E /* MessageGuruTests.xctest */;
			productType = "com.apple.product-type.bundle.unit-test";
		};
/* End PBXNativeTarget section */

/* Begin PBXProject section */
		30BBF4561891491F00631F6E /* Project object */ = {
			isa = PBXProject;
			attributes = {
				CLASSPREFIX = RM;
				LastUpgradeCheck = 0500;
				ORGANIZATIONNAME = iDreems;
				TargetAttributes = {
					30BBF4781891491F00631F6E = {
						TestTargetID = 30BBF45D1891491F00631F6E;
					};
				};
			};
			buildConfigurationList = 30BBF4591891491F00631F6E /* Build configuration list for PBXProject "MessageGuru" */;
			compatibilityVersion = "Xcode 3.2";
			developmentRegion = English;
			hasScannedForEncodings = 0;
			knownRegions = (
				en,
				"zh-Hans",
			);
			mainGroup = 30BBF4551891491F00631F6E;
			productRefGroup = 30BBF45F1891491F00631F6E /* Products */;
			projectDirPath = "";
			projectRoot = "";
			targets = (
				30BBF45D1891491F00631F6E /* MessageGuru */,
				30BBF4781891491F00631F6E /* MessageGuruTests */,
			);
		};
/* End PBXProject section */

/* Begin PBXResourcesBuildPhase section */
		30BBF45C1891491F00631F6E /* Resources */ = {
			isa = PBXResourcesBuildPhase;
			buildActionMask = 2147483647;
			files = (
				30BBF46C1891491F00631F6E /* InfoPlist.strings in Resources */,
				30BBF52418915A3C00631F6E /* DailyBoothIcon@2x.png in Resources */,
				30A8E5031893C72E00DE7D99 /* pic_plank_among.png in Resources */,
				30A8E4CA1893C70000DE7D99 /* SMSMessageCell.xib in Resources */,
				30BBF52118915A3C00631F6E /* camera_button_take.png in Resources */,
				306CB68318A8396B0054C40A /* ios-social-sdk-socialbar.html in Resources */,
				30A8E67818971DB300DE7D99 /* 爱情语录.sqlite in Resources */,
				306CB66218A8396B0054C40A /* UMSocialDataDelegate.html in Resources */,
				306CB65C18A8396B0054C40A /* class_grath.png in Resources */,
				30A8E5071893C72E00DE7D99 /* pic_plank_up.png in Resources */,
				30BBF52C18915A3C00631F6E /* tab_messages@2x.png in Resources */,
				30A8E5011893C72E00DE7D99 /* pic_icon_fresh.png in Resources */,
				30A8E67518971DB300DE7D99 /* 浪漫的情话.sqlite in Resources */,
				306CB64018A8396B0054C40A /* UMSCommentInputControlleriPad.xib in Resources */,
				30A8E5881895BDB200DE7D99 /* Localizable.strings in Resources */,
				306CB65F18A8396B0054C40A /* library_background.png in Resources */,
				30BBF52B18915A3C00631F6E /* tab_messages.png in Resources */,
				306CB66318A8396B0054C40A /* UMSocialUIDelegate.html in Resources */,
				306CB64D18A8396B0054C40A /* UMSocialControllerServiceComment.html in Resources */,
				30BBF52A18915A3C00631F6E /* tab_live@2x.png in Resources */,
				30BBF52918915A3C00631F6E /* tab_live.png in Resources */,
				30A8E5051893C72E00DE7D99 /* pic_plank_down.png in Resources */,
				30A8E5061893C72E00DE7D99 /* pic_plank_down@2x.png in Resources */,
				306CB64518A8396B0054C40A /* UMSShareListController.xib in Resources */,
				306CB65718A8396B0054C40A /* UMSocialUrlResource.html in Resources */,
				306CB67C18A8396B0054C40A /* ios-social-sdk-comment-detail.html in Resources */,
				306CB69018A839A20054C40A /* iRate.bundle in Resources */,
				30A8E4FB1893C72E00DE7D99 /* ico_reply.png in Resources */,
				30A8E5111893D33000DE7D99 /* data.json in Resources */,
				306CB64418A8396B0054C40A /* UMSnsAccountViewController.xib in Resources */,
				306CB65B18A8396B0054C40A /* button_bar_background.png in Resources */,
				30A8E50F1893CC7000DE7D99 /* readme.rtf in Resources */,
				306CB65018A8396B0054C40A /* UMSocialDataService.html in Resources */,
				30A8E66D1897196E00DE7D99 /* 经典情话.sqlite in Resources */,
				30BBF52818915A3C00631F6E /* tab_feed_profile@2x.png in Resources */,
				306CB65618A8396B0054C40A /* UMSocialSnsService.html in Resources */,
				306CB68418A8396B0054C40A /* UMSocial_Sdk_ReleaseNotes.html in Resources */,
				30A8E4FC1893C72E00DE7D99 /* ico_reply@2x.png in Resources */,
				306CB64118A8396B0054C40A /* UMShareEditViewController.xib in Resources */,
				306CB65118A8396B0054C40A /* UMSocialExtConfig.html in Resources */,
				306CB5BD18A8394D0054C40A /* umFeedback.bundle in Resources */,
				306CB64718A8396B0054C40A /* UMSocialAccountEntity.html in Resources */,
				306CB65D18A8396B0054C40A /* disclosure.png in Resources */,
				306CB65218A8396B0054C40A /* UMSocialIconActionSheet.html in Resources */,
				306CB64B18A8396B0054C40A /* UMSocialConfig.html in Resources */,
				306CB65418A8396B0054C40A /* UMSocialSnsPlatform.html in Resources */,
				306CB65518A8396B0054C40A /* UMSocialSnsPlatformManager.html in Resources */,
				30A8E67918971DB300DE7D99 /* 肉麻的情话.sqlite in Resources */,
				306CB64618A8396B0054C40A /* UMSocialSDKResourcesNew.bundle in Resources */,
				30A8E67718971DB300DE7D99 /* 爱情诗句.sqlite in Resources */,
				30A8E5041893C72E00DE7D99 /* pic_plank_among@2x.png in Resources */,
				30BBF52618915A3C00631F6E /* tab_feed@2x.png in Resources */,
				306CB68018A8396B0054C40A /* ios-social-sdk-login-quick.html in Resources */,
				306CB65A18A8396B0054C40A /* hierarchy.html in Resources */,
				306CB65918A8396B0054C40A /* stylesPrint.css in Resources */,
				30BBF4FA189159AE00631F6E /* AllSMSViewController.xib in Resources */,
				30BBF52318915A3C00631F6E /* DailyBoothIcon.png in Resources */,
				306CB5BE18A8394D0054C40A /* 开发指南.html in Resources */,
				30BBF52218915A3C00631F6E /* camera_button_take@2x.png in Resources */,
				30BBF52E18915A3C00631F6E /* tabBar_cameraButton_ready_matte@2x.png in Resources */,
				306CB64818A8396B0054C40A /* UMSocialAccountManager.html in Resources */,
				306CB64A18A8396B0054C40A /* UMSocialButton.html in Resources */,
				306CB64F18A8396B0054C40A /* UMSocialData.html in Resources */,
				30A8E4FA1893C72E00DE7D99 /* ico_people@2x.png in Resources */,
				306CB63A18A8396B0054C40A /* UMSocialLocalizable.strings in Resources */,
				30BBF52518915A3C00631F6E /* tab_feed.png in Resources */,
				306CB64918A8396B0054C40A /* UMSocialBar.html in Resources */,
				30BBF52D18915A3C00631F6E /* tabBar_cameraButton_ready_matte.png in Resources */,
				306CB63E18A8396B0054C40A /* UMSCommentDetailController.xib in Resources */,
				306CB5BB18A8394D0054C40A /* changes_log.html in Resources */,
				30A8E5081893C72E00DE7D99 /* pic_plank_up@2x.png in Resources */,
				30BBF52718915A3C00631F6E /* tab_feed_profile.png in Resources */,
				306CB64E18A8396B0054C40A /* UMSocialCustomAccount.html in Resources */,
				30A8E67418971DB300DE7D99 /* 感人的情话.sqlite in Resources */,
				306CB68118A8396B0054C40A /* ios-social-sdk-share-detail.html in Resources */,
				306CB64318A8396B0054C40A /* UMSLoginViewController.xib in Resources */,
				306CB63F18A8396B0054C40A /* UMSCommentInputController.xib in Resources */,
				30A8E67618971DB300DE7D99 /* 爱情宣言.sqlite in Resources */,
				306CB67D18A8396B0054C40A /* ios-social-sdk-comment-quick.html in Resources */,
				30A8E4F91893C72E00DE7D99 /* ico_people.png in Resources */,
				306CB64C18A8396B0054C40A /* UMSocialControllerService.html in Resources */,
				306CB65318A8396B0054C40A /* UMSocialResponseEntity.html in Resources */,
				306CB64218A8396B0054C40A /* UMShareEditViewControlleriPad.xib in Resources */,
				306CB65E18A8396B0054C40A /* disclosure_open.png in Resources */,
				306CB67E18A8396B0054C40A /* ios-social-sdk-like.html in Resources */,
				30BBF4741891491F00631F6E /* Images.xcassets in Resources */,
				306CB68218A8396B0054C40A /* ios-social-sdk-share-quick.html in Resources */,
				306CB66018A8396B0054C40A /* title_background.png in Resources */,
				306CB65818A8396B0054C40A /* styles.css in Resources */,
				30A8E5021893C72E00DE7D99 /* pic_icon_fresh@2x.png in Resources */,
				306CB67F18A8396B0054C40A /* ios-social-sdk-login-detail.html in Resources */,
				30A8E52B189400E200DE7D99 /* 情话短信.sqlite in Resources */,
				306CB66118A8396B0054C40A /* index.html in Resources */,
			);
			runOnlyForDeploymentPostprocessing = 0;
		};
		30BBF4771891491F00631F6E /* Resources */ = {
			isa = PBXResourcesBuildPhase;
			buildActionMask = 2147483647;
			files = (
				30A8E4C71893C4E900DE7D99 /* readme.rtf in Resources */,
				30BBF4851891491F00631F6E /* InfoPlist.strings in Resources */,
			);
			runOnlyForDeploymentPostprocessing = 0;
		};
/* End PBXResourcesBuildPhase section */

/* Begin PBXSourcesBuildPhase section */
		30BBF45A1891491F00631F6E /* Sources */ = {
			isa = PBXSourcesBuildPhase;
			buildActionMask = 2147483647;
			files = (
				30BBF46E1891491F00631F6E /* main.m in Sources */,
				30A8E5181893D40800DE7D99 /* Utils.m in Sources */,
				30BBF4F9189159AE00631F6E /* AllSMSViewController.m in Sources */,
				30A8E5261893FBC000DE7D99 /* RMSmsDataCenter.m in Sources */,
				30BBF4F7189159AE00631F6E /* ListItem.m in Sources */,
				306CB69F18A839BB0054C40A /* StaticTextFieldTableViewCell.m in Sources */,
				306CB6AC18A839D30054C40A /* StringUtil.m in Sources */,
				306CB69E18A839BB0054C40A /* JMStaticContentTableViewSection.m in Sources */,
				30A8E562189479D400DE7D99 /* Favorite.m in Sources */,
				30A8E51B1893DC3100DE7D99 /* RMCategoryItem.m in Sources */,
				30A8E5231893FBAA00DE7D99 /* SQLiteManager.m in Sources */,
				30BBF4F8189159AE00631F6E /* POHorizontalList.m in Sources */,
				30BBF4941891494D00631F6E /* BaseViewController.m in Sources */,
				306CB69118A839A20054C40A /* iRate.m in Sources */,
				30A8E5781895BCC900DE7D99 /* SettingsViewController.m in Sources */,
				30A8E51E1893DC5B00DE7D99 /* RMCategory.m in Sources */,
				30A8E56518947C1E00DE7D99 /* RMSMS.m in Sources */,
				30A8E66B1895C4C000DE7D99 /* HotViewController.m in Sources */,
				30BBF4721891491F00631F6E /* RMAppDelegate.m in Sources */,
				306CB69D18A839BB0054C40A /* JMStaticContentTableViewController.m in Sources */,
				30BBF4951891494D00631F6E /* TabbedViewController.m in Sources */,
				30A8E5151893D38700DE7D99 /* RMDataCenter.m in Sources */,
				306CB69C18A839BB0054C40A /* JMStaticContentTableViewCell.m in Sources */,
				306CB6AA18A839D30054C40A /* NSString+HTML.m in Sources */,
				30A8E50D1893C80600DE7D99 /* SMSMessageCell.m in Sources */,
				30BBF5311893BDD600631F6E /* SMSListViewController.m in Sources */,
				306CB6AB18A839D30054C40A /* NSString+StringThatFits.m in Sources */,
				30A8E575189546D500DE7D99 /* RMFavoriteViewController.m in Sources */,
				306CB6A918A839D30054C40A /* GTMNSString+HTML.m in Sources */,
			);
			runOnlyForDeploymentPostprocessing = 0;
		};
		30BBF4751891491F00631F6E /* Sources */ = {
			isa = PBXSourcesBuildPhase;
			buildActionMask = 2147483647;
			files = (
				30BBF4871891491F00631F6E /* MessageGuruTests.m in Sources */,
			);
			runOnlyForDeploymentPostprocessing = 0;
		};
/* End PBXSourcesBuildPhase section */

/* Begin PBXTargetDependency section */
		30BBF47F1891491F00631F6E /* PBXTargetDependency */ = {
			isa = PBXTargetDependency;
			target = 30BBF45D1891491F00631F6E /* MessageGuru */;
			targetProxy = 30BBF47E1891491F00631F6E /* PBXContainerItemProxy */;
		};
/* End PBXTargetDependency section */

/* Begin PBXVariantGroup section */
		306CB5C118A8396A0054C40A /* UMSocialLocalizable.strings */ = {
			isa = PBXVariantGroup;
			children = (
				306CB5C218A8396A0054C40A /* en */,
				306CB5DF18A8396A0054C40A /* zh-Hans */,
			);
			name = UMSocialLocalizable.strings;
			sourceTree = "<group>";
		};
		30BBF46A1891491F00631F6E /* InfoPlist.strings */ = {
			isa = PBXVariantGroup;
			children = (
				30BBF46B1891491F00631F6E /* en */,
			);
			name = InfoPlist.strings;
			sourceTree = "<group>";
		};
		30BBF4831891491F00631F6E /* InfoPlist.strings */ = {
			isa = PBXVariantGroup;
			children = (
				30BBF4841891491F00631F6E /* en */,
			);
			name = InfoPlist.strings;
			sourceTree = "<group>";
		};
/* End PBXVariantGroup section */

/* Begin XCBuildConfiguration section */
		30BBF4881891491F00631F6E /* Debug */ = {
			isa = XCBuildConfiguration;
			buildSettings = {
				ALWAYS_SEARCH_USER_PATHS = NO;
				ARCHS = "$(ARCHS_STANDARD_INCLUDING_64_BIT)";
				CLANG_CXX_LANGUAGE_STANDARD = "gnu++0x";
				CLANG_CXX_LIBRARY = "libc++";
				CLANG_ENABLE_MODULES = YES;
				CLANG_ENABLE_OBJC_ARC = YES;
				CLANG_WARN_BOOL_CONVERSION = YES;
				CLANG_WARN_CONSTANT_CONVERSION = YES;
				CLANG_WARN_DIRECT_OBJC_ISA_USAGE = YES_ERROR;
				CLANG_WARN_EMPTY_BODY = YES;
				CLANG_WARN_ENUM_CONVERSION = YES;
				CLANG_WARN_INT_CONVERSION = YES;
				CLANG_WARN_OBJC_ROOT_CLASS = YES_ERROR;
				CLANG_WARN__DUPLICATE_METHOD_MATCH = YES;
				"CODE_SIGN_IDENTITY[sdk=iphoneos*]" = "iPhone Developer";
				COPY_PHASE_STRIP = NO;
				GCC_C_LANGUAGE_STANDARD = gnu99;
				GCC_DYNAMIC_NO_PIC = NO;
				GCC_OPTIMIZATION_LEVEL = 0;
				GCC_PREPROCESSOR_DEFINITIONS = (
					"DEBUG=1",
					"$(inherited)",
				);
				GCC_SYMBOLS_PRIVATE_EXTERN = NO;
				GCC_WARN_64_TO_32_BIT_CONVERSION = YES;
				GCC_WARN_ABOUT_RETURN_TYPE = YES_ERROR;
				GCC_WARN_UNDECLARED_SELECTOR = YES;
				GCC_WARN_UNINITIALIZED_AUTOS = YES;
				GCC_WARN_UNUSED_FUNCTION = YES;
				GCC_WARN_UNUSED_VARIABLE = YES;
				IPHONEOS_DEPLOYMENT_TARGET = 7.0;
				ONLY_ACTIVE_ARCH = YES;
				SDKROOT = iphoneos;
				TARGETED_DEVICE_FAMILY = "1,2";
			};
			name = Debug;
		};
		30BBF4891891491F00631F6E /* Release */ = {
			isa = XCBuildConfiguration;
			buildSettings = {
				ALWAYS_SEARCH_USER_PATHS = NO;
				ARCHS = "$(ARCHS_STANDARD_INCLUDING_64_BIT)";
				CLANG_CXX_LANGUAGE_STANDARD = "gnu++0x";
				CLANG_CXX_LIBRARY = "libc++";
				CLANG_ENABLE_MODULES = YES;
				CLANG_ENABLE_OBJC_ARC = YES;
				CLANG_WARN_BOOL_CONVERSION = YES;
				CLANG_WARN_CONSTANT_CONVERSION = YES;
				CLANG_WARN_DIRECT_OBJC_ISA_USAGE = YES_ERROR;
				CLANG_WARN_EMPTY_BODY = YES;
				CLANG_WARN_ENUM_CONVERSION = YES;
				CLANG_WARN_INT_CONVERSION = YES;
				CLANG_WARN_OBJC_ROOT_CLASS = YES_ERROR;
				CLANG_WARN__DUPLICATE_METHOD_MATCH = YES;
				"CODE_SIGN_IDENTITY[sdk=iphoneos*]" = "iPhone Developer";
				COPY_PHASE_STRIP = YES;
				ENABLE_NS_ASSERTIONS = NO;
				GCC_C_LANGUAGE_STANDARD = gnu99;
				GCC_WARN_64_TO_32_BIT_CONVERSION = YES;
				GCC_WARN_ABOUT_RETURN_TYPE = YES_ERROR;
				GCC_WARN_UNDECLARED_SELECTOR = YES;
				GCC_WARN_UNINITIALIZED_AUTOS = YES;
				GCC_WARN_UNUSED_FUNCTION = YES;
				GCC_WARN_UNUSED_VARIABLE = YES;
				IPHONEOS_DEPLOYMENT_TARGET = 7.0;
				SDKROOT = iphoneos;
				TARGETED_DEVICE_FAMILY = "1,2";
				VALIDATE_PRODUCT = YES;
			};
			name = Release;
		};
		30BBF48B1891491F00631F6E /* Debug */ = {
			isa = XCBuildConfiguration;
			buildSettings = {
				ASSETCATALOG_COMPILER_APPICON_NAME = AppIcon;
				ASSETCATALOG_COMPILER_LAUNCHIMAGE_NAME = LaunchImage;
				CLANG_ENABLE_OBJC_ARC = NO;
				GCC_PRECOMPILE_PREFIX_HEADER = YES;
				GCC_PREFIX_HEADER = "MessageGuru/MessageGuru-Prefix.pch";
				INFOPLIST_FILE = "MessageGuru/MessageGuru-Info.plist";
				IPHONEOS_DEPLOYMENT_TARGET = 6.0;
				LIBRARY_SEARCH_PATHS = (
					"$(inherited)",
					/Volumes/Work/workspace/MessageGuru/MessageGuru/UMSocial_Sdk_2.2.1.1/frameworks/Wechat,
					/Volumes/Work/workspace/MessageGuru/MessageGuru/UMSocial_Sdk_2.2.1.1,
					/Volumes/Work/workspace/MessageGuruGit/MessageGuru/Flurry,
					/Volumes/Work/workspace/MessageGuruGit/MessageGuru/UMFeedback_iOS_1.4,
					/Volumes/Work/workspace/MessageGuruGit/MessageGuru/UMSocial_Sdk_All_2.2.1.1/UMSocial_Sdk_2.2.1.1/frameworks/Wechat,
					/Volumes/Work/workspace/MessageGuruGit/MessageGuru/UMSocial_Sdk_All_2.2.1.1/UMSocial_Sdk_2.2.1.1,
					/Volumes/SSD/workspace/MessageGuruGit/MessageGuru/UMFeedback_iOS_1.4,
					/Volumes/SSD/workspace/MessageGuruGit/MessageGuru/UMSocial_Sdk_All_2.2.1.1/UMSocial_Sdk_2.2.1.1/frameworks/Wechat,
					/Volumes/SSD/workspace/MessageGuruGit/MessageGuru/UMSocial_Sdk_All_2.2.1.1/UMSocial_Sdk_2.2.1.1,
					/Volumes/SSD/workspace/MessageGuruGit/MessageGuru/Flurry,
				);
				PRODUCT_NAME = "$(TARGET_NAME)";
				WRAPPER_EXTENSION = app;
			};
			name = Debug;
		};
		30BBF48C1891491F00631F6E /* Release */ = {
			isa = XCBuildConfiguration;
			buildSettings = {
				ASSETCATALOG_COMPILER_APPICON_NAME = AppIcon;
				ASSETCATALOG_COMPILER_LAUNCHIMAGE_NAME = LaunchImage;
				CLANG_ENABLE_OBJC_ARC = NO;
				GCC_PRECOMPILE_PREFIX_HEADER = YES;
				GCC_PREFIX_HEADER = "MessageGuru/MessageGuru-Prefix.pch";
				INFOPLIST_FILE = "MessageGuru/MessageGuru-Info.plist";
				IPHONEOS_DEPLOYMENT_TARGET = 6.0;
				LIBRARY_SEARCH_PATHS = (
					"$(inherited)",
					/Volumes/Work/workspace/MessageGuru/MessageGuru/UMSocial_Sdk_2.2.1.1/frameworks/Wechat,
					/Volumes/Work/workspace/MessageGuru/MessageGuru/UMSocial_Sdk_2.2.1.1,
					/Volumes/Work/workspace/MessageGuruGit/MessageGuru/Flurry,
					/Volumes/Work/workspace/MessageGuruGit/MessageGuru/UMFeedback_iOS_1.4,
					/Volumes/Work/workspace/MessageGuruGit/MessageGuru/UMSocial_Sdk_All_2.2.1.1/UMSocial_Sdk_2.2.1.1/frameworks/Wechat,
					/Volumes/Work/workspace/MessageGuruGit/MessageGuru/UMSocial_Sdk_All_2.2.1.1/UMSocial_Sdk_2.2.1.1,
					/Volumes/SSD/workspace/MessageGuruGit/MessageGuru/UMFeedback_iOS_1.4,
					/Volumes/SSD/workspace/MessageGuruGit/MessageGuru/UMSocial_Sdk_All_2.2.1.1/UMSocial_Sdk_2.2.1.1/frameworks/Wechat,
					/Volumes/SSD/workspace/MessageGuruGit/MessageGuru/UMSocial_Sdk_All_2.2.1.1/UMSocial_Sdk_2.2.1.1,
					/Volumes/SSD/workspace/MessageGuruGit/MessageGuru/Flurry,
				);
				PRODUCT_NAME = "$(TARGET_NAME)";
				WRAPPER_EXTENSION = app;
			};
			name = Release;
		};
		30BBF48E1891491F00631F6E /* Debug */ = {
			isa = XCBuildConfiguration;
			buildSettings = {
				ARCHS = "$(ARCHS_STANDARD_INCLUDING_64_BIT)";
				BUNDLE_LOADER = "$(BUILT_PRODUCTS_DIR)/MessageGuru.app/MessageGuru";
				FRAMEWORK_SEARCH_PATHS = (
					"$(SDKROOT)/Developer/Library/Frameworks",
					"$(inherited)",
					"$(DEVELOPER_FRAMEWORKS_DIR)",
				);
				GCC_PRECOMPILE_PREFIX_HEADER = YES;
				GCC_PREFIX_HEADER = "MessageGuru/MessageGuru-Prefix.pch";
				GCC_PREPROCESSOR_DEFINITIONS = (
					"DEBUG=1",
					"$(inherited)",
				);
				INFOPLIST_FILE = "MessageGuruTests/MessageGuruTests-Info.plist";
				PRODUCT_NAME = "$(TARGET_NAME)";
				TEST_HOST = "$(BUNDLE_LOADER)";
				WRAPPER_EXTENSION = xctest;
			};
			name = Debug;
		};
		30BBF48F1891491F00631F6E /* Release */ = {
			isa = XCBuildConfiguration;
			buildSettings = {
				ARCHS = "$(ARCHS_STANDARD_INCLUDING_64_BIT)";
				BUNDLE_LOADER = "$(BUILT_PRODUCTS_DIR)/MessageGuru.app/MessageGuru";
				FRAMEWORK_SEARCH_PATHS = (
					"$(SDKROOT)/Developer/Library/Frameworks",
					"$(inherited)",
					"$(DEVELOPER_FRAMEWORKS_DIR)",
				);
				GCC_PRECOMPILE_PREFIX_HEADER = YES;
				GCC_PREFIX_HEADER = "MessageGuru/MessageGuru-Prefix.pch";
				INFOPLIST_FILE = "MessageGuruTests/MessageGuruTests-Info.plist";
				PRODUCT_NAME = "$(TARGET_NAME)";
				TEST_HOST = "$(BUNDLE_LOADER)";
				WRAPPER_EXTENSION = xctest;
			};
			name = Release;
		};
/* End XCBuildConfiguration section */

/* Begin XCConfigurationList section */
		30BBF4591891491F00631F6E /* Build configuration list for PBXProject "MessageGuru" */ = {
			isa = XCConfigurationList;
			buildConfigurations = (
				30BBF4881891491F00631F6E /* Debug */,
				30BBF4891891491F00631F6E /* Release */,
			);
			defaultConfigurationIsVisible = 0;
			defaultConfigurationName = Release;
		};
		30BBF48A1891491F00631F6E /* Build configuration list for PBXNativeTarget "MessageGuru" */ = {
			isa = XCConfigurationList;
			buildConfigurations = (
				30BBF48B1891491F00631F6E /* Debug */,
				30BBF48C1891491F00631F6E /* Release */,
			);
			defaultConfigurationIsVisible = 0;
			defaultConfigurationName = Release;
		};
		30BBF48D1891491F00631F6E /* Build configuration list for PBXNativeTarget "MessageGuruTests" */ = {
			isa = XCConfigurationList;
			buildConfigurations = (
				30BBF48E1891491F00631F6E /* Debug */,
				30BBF48F1891491F00631F6E /* Release */,
			);
			defaultConfigurationIsVisible = 0;
			defaultConfigurationName = Release;
		};
/* End XCConfigurationList section */
	};
	rootObject = 30BBF4561891491F00631F6E /* Project object */;
}
